<?xml version="1.0" encoding="utf-8"?>
<Project ToolsVersion="4.0" xmlns="http://schemas.microsoft.com/developer/msbuild/2003">
  <ItemGroup>
    <Filter Include="Assets">
      <UniqueIdentifier>{694BB89F-0414-4959-AD6A-8947E6BA7D4B}</UniqueIdentifier>
    </Filter>
    <Filter Include="Assets\Cube">
      <UniqueIdentifier>{BDD8E7A6-A019-4DBE-B09B-FD45B7B84703}</UniqueIdentifier>
    </Filter>
    <Filter Include="Assets\Dodge">
      <UniqueIdentifier>{CFC4F1A9-4542-4BE0-9614-4229ECBCCF45}</UniqueIdentifier>
    </Filter>
    <Filter Include="Assets\Texture">
      <UniqueIdentifier>{09792E6F-BFC7-430E-A74C-C84D9CA8C9AC}</UniqueIdentifier>
    </Filter>
    <Filter Include="Engine">
      <UniqueIdentifier>{37FCCD5F-6580-468D-A786-B1193F162A29}</UniqueIdentifier>
    </Filter>
    <Filter Include="Engine\Source">
      <UniqueIdentifier>{A1EB2FB6-4C52-4A74-9853-76B14D49DB32}</UniqueIdentifier>
    </Filter>
    <Filter Include="Engine\Source\Editor">
      <UniqueIdentifier>{0CECE8F9-BB26-41C5-9052-B306342FC6E2}</UniqueIdentifier>
    </Filter>
    <Filter Include="Engine\Source\Editor\LevelEditor">
      <UniqueIdentifier>{855782B9-1C0F-4002-AD64-908ACC121950}</UniqueIdentifier>
    </Filter>
    <Filter Include="Engine\Source\Editor\PropertyEditor">
      <UniqueIdentifier>{03430AF6-A933-418A-A7E8-F9EFE14CCEC0}</UniqueIdentifier>
    </Filter>
    <Filter Include="Engine\Source\Editor\UnrealEd">
      <UniqueIdentifier>{22A294CF-AE4D-4EB0-8C9E-8CAA9AF57355}</UniqueIdentifier>
    </Filter>
    <Filter Include="Engine\Source\Runtime">
      <UniqueIdentifier>{66172F68-E854-4C82-8572-27AC3C78ECCB}</UniqueIdentifier>
    </Filter>
    <Filter Include="Engine\Source\Runtime\Core">
      <UniqueIdentifier>{03A69B06-E326-483A-8980-935A68A06371}</UniqueIdentifier>
    </Filter>
    <Filter Include="Engine\Source\Runtime\Core\Container">
      <UniqueIdentifier>{AC7AC51E-6802-4508-9972-E94D433247ED}</UniqueIdentifier>
    </Filter>
    <Filter Include="Engine\Source\Runtime\Core\Delegates">
      <UniqueIdentifier>{C87D00C3-6DA8-49AB-90CA-5EA8E6EE82B8}</UniqueIdentifier>
    </Filter>
    <Filter Include="Engine\Source\Runtime\Core\HAL">
      <UniqueIdentifier>{7357CC3F-C03D-46BE-8109-35A90DD71598}</UniqueIdentifier>
    </Filter>
    <Filter Include="Engine\Source\Runtime\Core\Math">
      <UniqueIdentifier>{59F3CE6F-621D-4AA3-B64B-00AE9F1DF561}</UniqueIdentifier>
    </Filter>
    <Filter Include="Engine\Source\Runtime\Core\Stats">
      <UniqueIdentifier>{EEA437B8-AAA5-4930-B12F-951542F0E568}</UniqueIdentifier>
    </Filter>
    <Filter Include="Engine\Source\Runtime\CoreUObject">
      <UniqueIdentifier>{7424195D-042F-4A4B-BDA2-00D935656BE8}</UniqueIdentifier>
    </Filter>
    <Filter Include="Engine\Source\Runtime\CoreUObject\UObject">
      <UniqueIdentifier>{9BDC6173-EAA0-4F18-AFF0-7FE08E02169F}</UniqueIdentifier>
    </Filter>
    <Filter Include="Engine\Source\Runtime\Engine">
      <UniqueIdentifier>{8E63BBD3-6E87-4D68-85F4-1D4DCFC390A3}</UniqueIdentifier>
    </Filter>
    <Filter Include="Engine\Source\Runtime\Engine\Camera">
      <UniqueIdentifier>{FDFE52C5-F7C3-44A6-BD84-DE19D680E12F}</UniqueIdentifier>
    </Filter>
    <Filter Include="Engine\Source\Runtime\Engine\Classes">
      <UniqueIdentifier>{F91BC943-CE08-4F4E-9D46-FFF67420B216}</UniqueIdentifier>
    </Filter>
    <Filter Include="Engine\Source\Runtime\Engine\Classes\Actors">
      <UniqueIdentifier>{377D9E3E-EDC2-4CF4-B823-A3FEFE5AAE9C}</UniqueIdentifier>
    </Filter>
    <Filter Include="Engine\Source\Runtime\Engine\Classes\Components">
      <UniqueIdentifier>{8B175E7C-7F97-48B0-8587-939FCC8312B3}</UniqueIdentifier>
    </Filter>
    <Filter Include="Engine\Source\Runtime\Engine\Classes\Components\Material">
      <UniqueIdentifier>{8C72C557-9059-41E7-85A0-3B223C472C32}</UniqueIdentifier>
    </Filter>
    <Filter Include="Engine\Source\Runtime\Engine\Classes\Components\Mesh">
      <UniqueIdentifier>{FA92B990-31A8-4878-A054-33A803BE0951}</UniqueIdentifier>
    </Filter>
    <Filter Include="Engine\Source\Runtime\Engine\Classes\Engine">
      <UniqueIdentifier>{AD1DA49E-02D0-4CF8-BA82-13990D12A02F}</UniqueIdentifier>
    </Filter>
    <Filter Include="Engine\Source\Runtime\Engine\Classes\GameFramework">
      <UniqueIdentifier>{3926E081-E3BB-4FE8-BEE1-3CC3FFBE9F55}</UniqueIdentifier>
    </Filter>
    <Filter Include="Engine\Source\Runtime\Engine\UserInterface">
      <UniqueIdentifier>{F808DFCA-4DE0-490D-AD46-368DF0536F2A}</UniqueIdentifier>
    </Filter>
    <Filter Include="Engine\Source\Runtime\Engine\World">
      <UniqueIdentifier>{A868C69C-CD6C-4A84-A8C1-0EA0C9E605A6}</UniqueIdentifier>
    </Filter>
    <Filter Include="Engine\Source\Runtime\InteractiveToolsFramework">
      <UniqueIdentifier>{3B43D22D-99E8-4CBC-9C82-E90653433F57}</UniqueIdentifier>
    </Filter>
    <Filter Include="Engine\Source\Runtime\InteractiveToolsFramework\BaseGizmos">
      <UniqueIdentifier>{21E3393B-015E-4060-A592-97D54479014C}</UniqueIdentifier>
    </Filter>
    <Filter Include="Engine\Source\Runtime\Launch">
      <UniqueIdentifier>{12BB4C04-295D-47C2-892C-1DFB947E856E}</UniqueIdentifier>
    </Filter>
    <Filter Include="Engine\Source\Runtime\Renderer">
      <UniqueIdentifier>{05E6AAF0-0D92-4186-A3CB-EB4478256A31}</UniqueIdentifier>
    </Filter>
    <Filter Include="Engine\Source\Runtime\Serialization">
      <UniqueIdentifier>{B9B35DA2-9E0A-4327-A332-9ABDA749F226}</UniqueIdentifier>
    </Filter>
    <Filter Include="Engine\Source\Runtime\Slate">
      <UniqueIdentifier>{0EF353CA-610C-48D7-BBDC-BFF176ADB777}</UniqueIdentifier>
    </Filter>
    <Filter Include="Engine\Source\Runtime\Slate\Widgets">
      <UniqueIdentifier>{FF980A60-2BB8-4F46-80FD-8000C19571F5}</UniqueIdentifier>
    </Filter>
    <Filter Include="Engine\Source\Runtime\Slate\Widgets\Layout">
      <UniqueIdentifier>{8923F80D-56B9-4C6C-BF78-AB411624EAF6}</UniqueIdentifier>
    </Filter>
    <Filter Include="Engine\Source\Runtime\SlateCore">
      <UniqueIdentifier>{098D5496-5771-4A94-875C-51ADDF18D45B}</UniqueIdentifier>
    </Filter>
    <Filter Include="Engine\Source\Runtime\SlateCore\Widgets">
      <UniqueIdentifier>{4BA5C9E1-ED45-48E8-A81E-461B0900B4A5}</UniqueIdentifier>
    </Filter>
    <Filter Include="Engine\Source\Runtime\Windows">
      <UniqueIdentifier>{1E6A9FD8-0C7D-4E6C-8299-CCE63B08B697}</UniqueIdentifier>
    </Filter>
    <Filter Include="Engine\Source\Runtime\Windows\D3D11RHI">
      <UniqueIdentifier>{2F9850C9-BADC-4B60-ADC9-D02B14C82296}</UniqueIdentifier>
    </Filter>
    <Filter Include="Engine\Source\ThirdParty">
      <UniqueIdentifier>{1B49E962-6BCE-4600-9156-E2BADC8BBCF1}</UniqueIdentifier>
    </Filter>
    <Filter Include="Engine\Source\ThirdParty\DirectXTK">
      <UniqueIdentifier>{E600E831-523A-49EF-931C-74C52135DF4D}</UniqueIdentifier>
    </Filter>
    <Filter Include="Engine\Source\ThirdParty\DirectXTK\Include">
      <UniqueIdentifier>{74609CCB-F47D-4308-8D13-1E6CDCE4E205}</UniqueIdentifier>
    </Filter>
    <Filter Include="Engine\Source\ThirdParty\DirectXTK\Lib">
      <UniqueIdentifier>{48F65260-F131-4E16-9FEA-1F14AADDCD82}</UniqueIdentifier>
    </Filter>
    <Filter Include="Engine\Source\ThirdParty\DirectXTK\Lib\x64">
      <UniqueIdentifier>{B2653643-088A-4135-A258-3623E15A9919}</UniqueIdentifier>
    </Filter>
    <Filter Include="Engine\Source\ThirdParty\DirectXTK\Lib\x64\Debug">
      <UniqueIdentifier>{5A4814C7-F5B1-4383-AA3D-D32182370F75}</UniqueIdentifier>
    </Filter>
    <Filter Include="Engine\Source\ThirdParty\DirectXTK\Lib\x64\Release">
      <UniqueIdentifier>{C463769D-4BF8-4125-A378-5482B4FB67CD}</UniqueIdentifier>
    </Filter>
    <Filter Include="Engine\Source\ThirdParty\DirectXTK\Lib\x86">
      <UniqueIdentifier>{5647B1D6-D94C-4C4B-ABD9-32853271E4AA}</UniqueIdentifier>
    </Filter>
    <Filter Include="Engine\Source\ThirdParty\DirectXTK\Lib\x86\Debug">
      <UniqueIdentifier>{FCCEDD3E-7A59-4330-A58C-E4159EF3CADF}</UniqueIdentifier>
    </Filter>
    <Filter Include="Engine\Source\ThirdParty\DirectXTK\Lib\x86\Release">
      <UniqueIdentifier>{7C5517BB-CCCF-4925-9C8F-FC92A086E83C}</UniqueIdentifier>
    </Filter>
    <Filter Include="Engine\Source\ThirdParty\include">
      <UniqueIdentifier>{4B0E7FAA-D409-4045-80E6-DBBD2DCAB2B1}</UniqueIdentifier>
    </Filter>
    <Filter Include="Engine\Source\ThirdParty\include\ImGUI">
      <UniqueIdentifier>{A4D2ACDF-C48E-4EC2-9E19-C301F041E5AE}</UniqueIdentifier>
    </Filter>
    <Filter Include="Engine\Source\ThirdParty\JSON">
      <UniqueIdentifier>{117B78A6-DF3D-4287-B0BC-1BA39C0AC9C1}</UniqueIdentifier>
    </Filter>
    <Filter Include="Engine\Source\ThirdParty\tinyfiledialogs">
      <UniqueIdentifier>{73B7FD64-1F39-49EB-BC4B-697A60EF6B4F}</UniqueIdentifier>
    </Filter>
    <Filter Include="Font">
      <UniqueIdentifier>{68E11244-AE3F-49E6-BE44-49D188FA37CE}</UniqueIdentifier>
    </Filter>
    <Filter Include="Shaders">
      <UniqueIdentifier>{A9773D1D-2B7E-4A45-9967-3C8F6D68F622}</UniqueIdentifier>
    </Filter>
  </ItemGroup>
  <ItemGroup>
    <ClCompile Include="Engine\Source\Editor\LevelEditor\SLevelEditor.cpp">
      <Filter>Engine\Source\Editor\LevelEditor</Filter>
    </ClCompile>
    <ClInclude Include="Engine\Source\Editor\LevelEditor\SLevelEditor.h">
      <Filter>Engine\Source\Editor\LevelEditor</Filter>
    </ClInclude>
    <ClCompile Include="Engine\Source\Editor\PropertyEditor\ControlEditorPanel.cpp">
      <Filter>Engine\Source\Editor\PropertyEditor</Filter>
    </ClCompile>
    <ClInclude Include="Engine\Source\Editor\PropertyEditor\ControlEditorPanel.h">
      <Filter>Engine\Source\Editor\PropertyEditor</Filter>
    </ClInclude>
    <ClInclude Include="Engine\Source\Editor\PropertyEditor\IWindowToggleable.h">
      <Filter>Engine\Source\Editor\PropertyEditor</Filter>
    </ClInclude>
    <ClCompile Include="Engine\Source\Editor\PropertyEditor\OutlinerEditorPanel.cpp">
      <Filter>Engine\Source\Editor\PropertyEditor</Filter>
    </ClCompile>
    <ClInclude Include="Engine\Source\Editor\PropertyEditor\OutlinerEditorPanel.h">
      <Filter>Engine\Source\Editor\PropertyEditor</Filter>
    </ClInclude>
    <ClCompile Include="Engine\Source\Editor\PropertyEditor\PropertyEditorPanel.cpp">
      <Filter>Engine\Source\Editor\PropertyEditor</Filter>
    </ClCompile>
    <ClInclude Include="Engine\Source\Editor\PropertyEditor\PropertyEditorPanel.h">
      <Filter>Engine\Source\Editor\PropertyEditor</Filter>
    </ClInclude>
    <ClCompile Include="Engine\Source\Editor\PropertyEditor\ShowFlags.cpp">
      <Filter>Engine\Source\Editor\PropertyEditor</Filter>
    </ClCompile>
    <ClInclude Include="Engine\Source\Editor\PropertyEditor\ShowFlags.h">
      <Filter>Engine\Source\Editor\PropertyEditor</Filter>
    </ClInclude>
    <ClCompile Include="Engine\Source\Editor\PropertyEditor\ViewportTypePanel.cpp">
      <Filter>Engine\Source\Editor\PropertyEditor</Filter>
    </ClCompile>
    <ClInclude Include="Engine\Source\Editor\PropertyEditor\ViewportTypePanel.h">
      <Filter>Engine\Source\Editor\PropertyEditor</Filter>
    </ClInclude>
    <ClInclude Include="Engine\Source\Editor\UnrealEd\EditorPanel.h">
      <Filter>Engine\Source\Editor\UnrealEd</Filter>
    </ClInclude>
    <ClCompile Include="Engine\Source\Editor\UnrealEd\EditorViewportClient.cpp">
      <Filter>Engine\Source\Editor\UnrealEd</Filter>
    </ClCompile>
    <ClInclude Include="Engine\Source\Editor\UnrealEd\EditorViewportClient.h">
      <Filter>Engine\Source\Editor\UnrealEd</Filter>
    </ClInclude>
    <ClCompile Include="Engine\Source\Editor\UnrealEd\ImGuiWidget.cpp">
      <Filter>Engine\Source\Editor\UnrealEd</Filter>
    </ClCompile>
    <ClInclude Include="Engine\Source\Editor\UnrealEd\ImGuiWidget.h">
      <Filter>Engine\Source\Editor\UnrealEd</Filter>
    </ClInclude>
    <ClCompile Include="Engine\Source\Editor\UnrealEd\PrimitiveDrawBatch.cpp">
      <Filter>Engine\Source\Editor\UnrealEd</Filter>
    </ClCompile>
    <ClInclude Include="Engine\Source\Editor\UnrealEd\PrimitiveDrawBatch.h">
      <Filter>Engine\Source\Editor\UnrealEd</Filter>
    </ClInclude>
    <ClCompile Include="Engine\Source\Editor\UnrealEd\SceneMgr.cpp">
      <Filter>Engine\Source\Editor\UnrealEd</Filter>
    </ClCompile>
    <ClInclude Include="Engine\Source\Editor\UnrealEd\SceneMgr.h">
      <Filter>Engine\Source\Editor\UnrealEd</Filter>
    </ClInclude>
    <ClCompile Include="Engine\Source\Editor\UnrealEd\UnrealEd.cpp">
      <Filter>Engine\Source\Editor\UnrealEd</Filter>
    </ClCompile>
    <ClInclude Include="Engine\Source\Editor\UnrealEd\UnrealEd.h">
      <Filter>Engine\Source\Editor\UnrealEd</Filter>
    </ClInclude>
    <ClCompile Include="Engine\Source\Editor\UnrealEd\UnrealEdEventRouter.cpp">
      <Filter>Engine\Source\Editor\UnrealEd</Filter>
    </ClCompile>
    <ClInclude Include="Engine\Source\Editor\UnrealEd\UnrealEdEventRouter.h">
      <Filter>Engine\Source\Editor\UnrealEd</Filter>
    </ClInclude>
    <ClCompile Include="Engine\Source\Runtime\Core\EngineStatics.cpp">
      <Filter>Engine\Source\Runtime\Core</Filter>
    </ClCompile>
    <ClInclude Include="Engine\Source\Runtime\Core\EngineStatics.h">
      <Filter>Engine\Source\Runtime\Core</Filter>
    </ClInclude>
    <ClInclude Include="Engine\Source\Runtime\Core\Container\Array.h">
      <Filter>Engine\Source\Runtime\Core\Container</Filter>
    </ClInclude>
    <ClInclude Include="Engine\Source\Runtime\Core\Container\ContainerAllocator.h">
      <Filter>Engine\Source\Runtime\Core\Container</Filter>
    </ClInclude>
    <ClInclude Include="Engine\Source\Runtime\Core\Container\CString.h">
      <Filter>Engine\Source\Runtime\Core\Container</Filter>
    </ClInclude>
    <ClInclude Include="Engine\Source\Runtime\Core\Container\Map.h">
      <Filter>Engine\Source\Runtime\Core\Container</Filter>
    </ClInclude>
    <ClInclude Include="Engine\Source\Runtime\Core\Container\Pair.h">
      <Filter>Engine\Source\Runtime\Core\Container</Filter>
    </ClInclude>
    <ClInclude Include="Engine\Source\Runtime\Core\Container\Set.h">
      <Filter>Engine\Source\Runtime\Core\Container</Filter>
    </ClInclude>
    <ClCompile Include="Engine\Source\Runtime\Core\Container\String.cpp">
      <Filter>Engine\Source\Runtime\Core\Container</Filter>
    </ClCompile>
    <ClInclude Include="Engine\Source\Runtime\Core\Container\String.h">
      <Filter>Engine\Source\Runtime\Core\Container</Filter>
    </ClInclude>
    <ClInclude Include="Engine\Source\Runtime\Core\Delegates\Delegate.h">
      <Filter>Engine\Source\Runtime\Core\Delegates</Filter>
    </ClInclude>
    <ClInclude Include="Engine\Source\Runtime\Core\Delegates\DelegateCombination.h">
      <Filter>Engine\Source\Runtime\Core\Delegates</Filter>
    </ClInclude>
    <ClCompile Include="Engine\Source\Runtime\Core\HAL\PlatformMemory.cpp">
      <Filter>Engine\Source\Runtime\Core\HAL</Filter>
    </ClCompile>
    <ClInclude Include="Engine\Source\Runtime\Core\HAL\PlatformMemory.h">
      <Filter>Engine\Source\Runtime\Core\HAL</Filter>
    </ClInclude>
    <ClInclude Include="Engine\Source\Runtime\Core\HAL\PlatformType.h">
      <Filter>Engine\Source\Runtime\Core\HAL</Filter>
    </ClInclude>
    <ClCompile Include="Engine\Source\Runtime\Core\Math\Color.cpp">
      <Filter>Engine\Source\Runtime\Core\Math</Filter>
    </ClCompile>
    <ClInclude Include="Engine\Source\Runtime\Core\Math\Color.h">
      <Filter>Engine\Source\Runtime\Core\Math</Filter>
    </ClInclude>
    <ClCompile Include="Engine\Source\Runtime\Core\Math\Define.cpp">
      <Filter>Engine\Source\Runtime\Core\Math</Filter>
    </ClCompile>
    <ClCompile Include="Engine\Source\Runtime\Core\Math\JungleMath.cpp">
      <Filter>Engine\Source\Runtime\Core\Math</Filter>
    </ClCompile>
    <ClInclude Include="Engine\Source\Runtime\Core\Math\JungleMath.h">
      <Filter>Engine\Source\Runtime\Core\Math</Filter>
    </ClInclude>
    <ClInclude Include="Engine\Source\Runtime\Core\Math\MathSSE.h">
      <Filter>Engine\Source\Runtime\Core\Math</Filter>
    </ClInclude>
    <ClInclude Include="Engine\Source\Runtime\Core\Math\MathUtility.h">
      <Filter>Engine\Source\Runtime\Core\Math</Filter>
    </ClInclude>
    <ClInclude Include="Engine\Source\Runtime\Core\Math\Matrix.h">
      <Filter>Engine\Source\Runtime\Core\Math</Filter>
    </ClInclude>
    <ClInclude Include="Engine\Source\Runtime\Core\Math\Quat.h">
      <Filter>Engine\Source\Runtime\Core\Math</Filter>
    </ClInclude>
    <ClCompile Include="Engine\Source\Runtime\Core\Math\Vector.cpp">
      <Filter>Engine\Source\Runtime\Core\Math</Filter>
    </ClCompile>
    <ClInclude Include="Engine\Source\Runtime\Core\Math\Vector.h">
      <Filter>Engine\Source\Runtime\Core\Math</Filter>
    </ClInclude>
    <ClInclude Include="Engine\Source\Runtime\Core\Math\Vector4.h">
      <Filter>Engine\Source\Runtime\Core\Math</Filter>
    </ClInclude>
    <ClCompile Include="Engine\Source\Runtime\Core\Stats\Stats.cpp">
      <Filter>Engine\Source\Runtime\Core\Stats</Filter>
    </ClCompile>
    <ClInclude Include="Engine\Source\Runtime\Core\Stats\Stats.h">
      <Filter>Engine\Source\Runtime\Core\Stats</Filter>
    </ClInclude>
    <ClCompile Include="Engine\Source\Runtime\CoreUObject\UObject\Casts.cpp">
      <Filter>Engine\Source\Runtime\CoreUObject\UObject</Filter>
    </ClCompile>
    <ClInclude Include="Engine\Source\Runtime\CoreUObject\UObject\Casts.h">
      <Filter>Engine\Source\Runtime\CoreUObject\UObject</Filter>
    </ClInclude>
    <ClCompile Include="Engine\Source\Runtime\CoreUObject\UObject\NameTypes.cpp">
      <Filter>Engine\Source\Runtime\CoreUObject\UObject</Filter>
    </ClCompile>
    <ClInclude Include="Engine\Source\Runtime\CoreUObject\UObject\NameTypes.h">
      <Filter>Engine\Source\Runtime\CoreUObject\UObject</Filter>
    </ClInclude>
    <ClCompile Include="Engine\Source\Runtime\CoreUObject\UObject\Object.cpp">
      <Filter>Engine\Source\Runtime\CoreUObject\UObject</Filter>
    </ClCompile>
    <ClInclude Include="Engine\Source\Runtime\CoreUObject\UObject\Object.h">
      <Filter>Engine\Source\Runtime\CoreUObject\UObject</Filter>
    </ClInclude>
    <ClCompile Include="Engine\Source\Runtime\CoreUObject\UObject\ObjectFactory.cpp">
      <Filter>Engine\Source\Runtime\CoreUObject\UObject</Filter>
    </ClCompile>
    <ClInclude Include="Engine\Source\Runtime\CoreUObject\UObject\ObjectFactory.h">
      <Filter>Engine\Source\Runtime\CoreUObject\UObject</Filter>
    </ClInclude>
    <ClInclude Include="Engine\Source\Runtime\CoreUObject\UObject\ObjectMacros.h">
      <Filter>Engine\Source\Runtime\CoreUObject\UObject</Filter>
    </ClInclude>
    <ClInclude Include="Engine\Source\Runtime\CoreUObject\UObject\ObjectTypes.h">
      <Filter>Engine\Source\Runtime\CoreUObject\UObject</Filter>
    </ClInclude>
    <ClCompile Include="Engine\Source\Runtime\CoreUObject\UObject\UObjectArray.cpp">
      <Filter>Engine\Source\Runtime\CoreUObject\UObject</Filter>
    </ClCompile>
    <ClInclude Include="Engine\Source\Runtime\CoreUObject\UObject\UObjectArray.h">
      <Filter>Engine\Source\Runtime\CoreUObject\UObject</Filter>
    </ClInclude>
    <ClCompile Include="Engine\Source\Runtime\CoreUObject\UObject\UObjectHash.cpp">
      <Filter>Engine\Source\Runtime\CoreUObject\UObject</Filter>
    </ClCompile>
    <ClInclude Include="Engine\Source\Runtime\CoreUObject\UObject\UObjectHash.h">
      <Filter>Engine\Source\Runtime\CoreUObject\UObject</Filter>
    </ClInclude>
    <ClInclude Include="Engine\Source\Runtime\CoreUObject\UObject\UObjectIterator.h">
      <Filter>Engine\Source\Runtime\CoreUObject\UObject</Filter>
    </ClInclude>
    <ClCompile Include="Engine\Source\Runtime\Engine\ActorEditor.cpp">
      <Filter>Engine\Source\Runtime\Engine</Filter>
    </ClCompile>
    <ClCompile Include="Engine\Source\Runtime\Engine\UnrealClient.cpp">
      <Filter>Engine\Source\Runtime\Engine</Filter>
    </ClCompile>
    <ClInclude Include="Engine\Source\Runtime\Engine\UnrealClient.h">
      <Filter>Engine\Source\Runtime\Engine</Filter>
    </ClInclude>
    <ClInclude Include="Engine\Source\Runtime\Engine\ViewportClient.h">
      <Filter>Engine\Source\Runtime\Engine</Filter>
    </ClInclude>
    <ClCompile Include="Engine\Source\Runtime\Engine\Camera\CameraComponent.cpp">
      <Filter>Engine\Source\Runtime\Engine\Camera</Filter>
    </ClCompile>
    <ClInclude Include="Engine\Source\Runtime\Engine\Camera\CameraComponent.h">
      <Filter>Engine\Source\Runtime\Engine\Camera</Filter>
    </ClInclude>
    <ClCompile Include="Engine\Source\Runtime\Engine\Classes\Level.cpp">
      <Filter>Engine\Source\Runtime\Engine\Classes</Filter>
    </ClCompile>
    <ClInclude Include="Engine\Source\Runtime\Engine\Classes\Level.h">
      <Filter>Engine\Source\Runtime\Engine\Classes</Filter>
    </ClInclude>
    <ClCompile Include="Engine\Source\Runtime\Engine\Classes\Actors\Player.cpp">
      <Filter>Engine\Source\Runtime\Engine\Classes\Actors</Filter>
    </ClCompile>
    <ClInclude Include="Engine\Source\Runtime\Engine\Classes\Actors\Player.h">
      <Filter>Engine\Source\Runtime\Engine\Classes\Actors</Filter>
    </ClInclude>
    <ClCompile Include="Engine\Source\Runtime\Engine\Classes\Components\ActorComponent.cpp">
      <Filter>Engine\Source\Runtime\Engine\Classes\Components</Filter>
    </ClCompile>
    <ClInclude Include="Engine\Source\Runtime\Engine\Classes\Components\ActorComponent.h">
      <Filter>Engine\Source\Runtime\Engine\Classes\Components</Filter>
    </ClInclude>
    <ClCompile Include="Engine\Source\Runtime\Engine\Classes\Components\CubeComp.cpp">
      <Filter>Engine\Source\Runtime\Engine\Classes\Components</Filter>
    </ClCompile>
    <ClInclude Include="Engine\Source\Runtime\Engine\Classes\Components\CubeComp.h">
      <Filter>Engine\Source\Runtime\Engine\Classes\Components</Filter>
    </ClInclude>
    <ClCompile Include="Engine\Source\Runtime\Engine\Classes\Components\MeshComponent.cpp">
      <Filter>Engine\Source\Runtime\Engine\Classes\Components</Filter>
    </ClCompile>
    <ClInclude Include="Engine\Source\Runtime\Engine\Classes\Components\MeshComponent.h">
      <Filter>Engine\Source\Runtime\Engine\Classes\Components</Filter>
    </ClInclude>
    <ClCompile Include="Engine\Source\Runtime\Engine\Classes\Components\PrimitiveComponent.cpp">
      <Filter>Engine\Source\Runtime\Engine\Classes\Components</Filter>
    </ClCompile>
    <ClInclude Include="Engine\Source\Runtime\Engine\Classes\Components\PrimitiveComponent.h">
      <Filter>Engine\Source\Runtime\Engine\Classes\Components</Filter>
    </ClInclude>
    <ClInclude Include="Engine\Source\Runtime\Engine\Classes\Components\Quad.h">
      <Filter>Engine\Source\Runtime\Engine\Classes\Components</Filter>
    </ClInclude>
    <ClCompile Include="Engine\Source\Runtime\Engine\Classes\Components\SceneComponent.cpp">
      <Filter>Engine\Source\Runtime\Engine\Classes\Components</Filter>
    </ClCompile>
    <ClInclude Include="Engine\Source\Runtime\Engine\Classes\Components\SceneComponent.h">
      <Filter>Engine\Source\Runtime\Engine\Classes\Components</Filter>
    </ClInclude>
    <ClCompile Include="Engine\Source\Runtime\Engine\Classes\Components\SkySphereComponent.cpp">
      <Filter>Engine\Source\Runtime\Engine\Classes\Components</Filter>
    </ClCompile>
    <ClInclude Include="Engine\Source\Runtime\Engine\Classes\Components\SkySphereComponent.h">
      <Filter>Engine\Source\Runtime\Engine\Classes\Components</Filter>
    </ClInclude>
    <ClCompile Include="Engine\Source\Runtime\Engine\Classes\Components\SphereComp.cpp">
      <Filter>Engine\Source\Runtime\Engine\Classes\Components</Filter>
    </ClCompile>
    <ClInclude Include="Engine\Source\Runtime\Engine\Classes\Components\SphereComp.h">
      <Filter>Engine\Source\Runtime\Engine\Classes\Components</Filter>
    </ClInclude>
    <ClCompile Include="Engine\Source\Runtime\Engine\Classes\Components\StaticMeshComponent.cpp">
      <Filter>Engine\Source\Runtime\Engine\Classes\Components</Filter>
    </ClCompile>
    <ClInclude Include="Engine\Source\Runtime\Engine\Classes\Components\StaticMeshComponent.h">
      <Filter>Engine\Source\Runtime\Engine\Classes\Components</Filter>
    </ClInclude>
    <ClCompile Include="Engine\Source\Runtime\Engine\Classes\Components\ParticleSubUVComponent.cpp">
      <Filter>Engine\Source\Runtime\Engine\Classes\Components</Filter>
    </ClCompile>
    <ClInclude Include="Engine\Source\Runtime\Engine\Classes\Components\ParticleSubUVComponent.h">
      <Filter>Engine\Source\Runtime\Engine\Classes\Components</Filter>
    </ClInclude>
    <ClCompile Include="Engine\Source\Runtime\Engine\Classes\Components\UTextUUID.cpp">
      <Filter>Engine\Source\Runtime\Engine\Classes\Components</Filter>
    </ClCompile>
    <ClInclude Include="Engine\Source\Runtime\Engine\Classes\Components\UTextUUID.h">
      <Filter>Engine\Source\Runtime\Engine\Classes\Components</Filter>
    </ClInclude>
    <ClCompile Include="Engine\Source\Runtime\Engine\Classes\Components\Material\Material.cpp">
      <Filter>Engine\Source\Runtime\Engine\Classes\Components\Material</Filter>
    </ClCompile>
    <ClInclude Include="Engine\Source\Runtime\Engine\Classes\Components\Material\Material.h">
      <Filter>Engine\Source\Runtime\Engine\Classes\Components\Material</Filter>
    </ClInclude>
    <ClCompile Include="Engine\Source\Runtime\Engine\Classes\Components\Mesh\StaticMesh.cpp">
      <Filter>Engine\Source\Runtime\Engine\Classes\Components\Mesh</Filter>
    </ClCompile>
    <ClInclude Include="Engine\Source\Runtime\Engine\Classes\Components\Mesh\StaticMesh.h">
      <Filter>Engine\Source\Runtime\Engine\Classes\Components\Mesh</Filter>
    </ClInclude>
    <ClCompile Include="Engine\Source\Runtime\Engine\Classes\Engine\EditorEngine.cpp">
      <Filter>Engine\Source\Runtime\Engine\Classes\Engine</Filter>
    </ClCompile>
    <ClInclude Include="Engine\Source\Runtime\Engine\Classes\Engine\EditorEngine.h">
      <Filter>Engine\Source\Runtime\Engine\Classes\Engine</Filter>
    </ClInclude>
    <ClCompile Include="Engine\Source\Runtime\Engine\Classes\Engine\Engine.cpp">
      <Filter>Engine\Source\Runtime\Engine\Classes\Engine</Filter>
    </ClCompile>
    <ClInclude Include="Engine\Source\Runtime\Engine\Classes\Engine\Engine.h">
      <Filter>Engine\Source\Runtime\Engine\Classes\Engine</Filter>
    </ClInclude>
    <ClInclude Include="Engine\Source\Runtime\Engine\Classes\Engine\EngineTypes.h">
      <Filter>Engine\Source\Runtime\Engine\Classes\Engine</Filter>
    </ClInclude>
    <ClCompile Include="Engine\Source\Runtime\Engine\Classes\Engine\FLoaderOBJ.cpp">
      <Filter>Engine\Source\Runtime\Engine\Classes\Engine</Filter>
    </ClCompile>
    <ClInclude Include="Engine\Source\Runtime\Engine\Classes\Engine\FLoaderOBJ.h">
      <Filter>Engine\Source\Runtime\Engine\Classes\Engine</Filter>
    </ClInclude>
    <ClCompile Include="Engine\Source\Runtime\Engine\Classes\Engine\ResourceMgr.cpp">
      <Filter>Engine\Source\Runtime\Engine\Classes\Engine</Filter>
    </ClCompile>
    <ClInclude Include="Engine\Source\Runtime\Engine\Classes\Engine\ResourceMgr.h">
      <Filter>Engine\Source\Runtime\Engine\Classes\Engine</Filter>
    </ClInclude>
    <ClCompile Include="Engine\Source\Runtime\Engine\Classes\Engine\StaticMeshActor.cpp">
      <Filter>Engine\Source\Runtime\Engine\Classes\Engine</Filter>
    </ClCompile>
    <ClInclude Include="Engine\Source\Runtime\Engine\Classes\Engine\StaticMeshActor.h">
      <Filter>Engine\Source\Runtime\Engine\Classes\Engine</Filter>
    </ClInclude>
    <ClInclude Include="Engine\Source\Runtime\Engine\Classes\Engine\Texture.h">
      <Filter>Engine\Source\Runtime\Engine\Classes\Engine</Filter>
    </ClInclude>
    <ClCompile Include="Engine\Source\Runtime\Engine\Classes\GameFramework\Actor.cpp">
      <Filter>Engine\Source\Runtime\Engine\Classes\GameFramework</Filter>
    </ClCompile>
    <ClInclude Include="Engine\Source\Runtime\Engine\Classes\GameFramework\Actor.h">
      <Filter>Engine\Source\Runtime\Engine\Classes\GameFramework</Filter>
    </ClInclude>
    <ClCompile Include="Engine\Source\Runtime\Engine\UserInterface\Console.cpp">
      <Filter>Engine\Source\Runtime\Engine\UserInterface</Filter>
    </ClCompile>
    <ClInclude Include="Engine\Source\Runtime\Engine\UserInterface\Console.h">
      <Filter>Engine\Source\Runtime\Engine\UserInterface</Filter>
    </ClInclude>
    <ClCompile Include="Engine\Source\Runtime\Engine\World\World.cpp">
      <Filter>Engine\Source\Runtime\Engine\World</Filter>
    </ClCompile>
    <ClInclude Include="Engine\Source\Runtime\Engine\World\World.h">
      <Filter>Engine\Source\Runtime\Engine\World</Filter>
    </ClInclude>
    <ClInclude Include="Engine\Source\Runtime\Engine\World\WorldContext.h">
      <Filter>Engine\Source\Runtime\Engine\World</Filter>
    </ClInclude>
    <ClInclude Include="Engine\Source\Runtime\Engine\World\WorldType.h">
      <Filter>Engine\Source\Runtime\Engine\World</Filter>
    </ClInclude>
    <ClCompile Include="Engine\Source\Runtime\InteractiveToolsFramework\BaseGizmos\GizmoArrowComponent.cpp">
      <Filter>Engine\Source\Runtime\InteractiveToolsFramework\BaseGizmos</Filter>
    </ClCompile>
    <ClInclude Include="Engine\Source\Runtime\InteractiveToolsFramework\BaseGizmos\GizmoArrowComponent.h">
      <Filter>Engine\Source\Runtime\InteractiveToolsFramework\BaseGizmos</Filter>
    </ClInclude>
    <ClCompile Include="Engine\Source\Runtime\InteractiveToolsFramework\BaseGizmos\GizmoBaseComponent.cpp">
      <Filter>Engine\Source\Runtime\InteractiveToolsFramework\BaseGizmos</Filter>
    </ClCompile>
    <ClInclude Include="Engine\Source\Runtime\InteractiveToolsFramework\BaseGizmos\GizmoBaseComponent.h">
      <Filter>Engine\Source\Runtime\InteractiveToolsFramework\BaseGizmos</Filter>
    </ClInclude>
    <ClCompile Include="Engine\Source\Runtime\InteractiveToolsFramework\BaseGizmos\GizmoCircleComponent.cpp">
      <Filter>Engine\Source\Runtime\InteractiveToolsFramework\BaseGizmos</Filter>
    </ClCompile>
    <ClInclude Include="Engine\Source\Runtime\InteractiveToolsFramework\BaseGizmos\GizmoCircleComponent.h">
      <Filter>Engine\Source\Runtime\InteractiveToolsFramework\BaseGizmos</Filter>
    </ClInclude>
    <ClCompile Include="Engine\Source\Runtime\InteractiveToolsFramework\BaseGizmos\GizmoRectangleComponent.cpp">
      <Filter>Engine\Source\Runtime\InteractiveToolsFramework\BaseGizmos</Filter>
    </ClCompile>
    <ClInclude Include="Engine\Source\Runtime\InteractiveToolsFramework\BaseGizmos\GizmoRectangleComponent.h">
      <Filter>Engine\Source\Runtime\InteractiveToolsFramework\BaseGizmos</Filter>
    </ClInclude>
    <ClCompile Include="Engine\Source\Runtime\InteractiveToolsFramework\BaseGizmos\TransformGizmo.cpp">
      <Filter>Engine\Source\Runtime\InteractiveToolsFramework\BaseGizmos</Filter>
    </ClCompile>
    <ClInclude Include="Engine\Source\Runtime\InteractiveToolsFramework\BaseGizmos\TransformGizmo.h">
      <Filter>Engine\Source\Runtime\InteractiveToolsFramework\BaseGizmos</Filter>
    </ClInclude>
    <ClInclude Include="Engine\Source\Runtime\Launch\Define.h">
      <Filter>Engine\Source\Runtime\Launch</Filter>
    </ClInclude>
    <ClInclude Include="Engine\Source\Runtime\Launch\EngineBaseTypes.h">
      <Filter>Engine\Source\Runtime\Launch</Filter>
    </ClInclude>
    <ClCompile Include="Engine\Source\Runtime\Launch\EngineLoop.cpp">
      <Filter>Engine\Source\Runtime\Launch</Filter>
    </ClCompile>
    <ClInclude Include="Engine\Source\Runtime\Launch\EngineLoop.h">
      <Filter>Engine\Source\Runtime\Launch</Filter>
    </ClInclude>
    <ClCompile Include="Engine\Source\Runtime\Launch\ImGuiManager.cpp">
      <Filter>Engine\Source\Runtime\Launch</Filter>
    </ClCompile>
    <ClInclude Include="Engine\Source\Runtime\Launch\ImGuiManager.h">
      <Filter>Engine\Source\Runtime\Launch</Filter>
    </ClInclude>
    <ClCompile Include="Engine\Source\Runtime\Launch\Launch.cpp">
      <Filter>Engine\Source\Runtime\Launch</Filter>
    </ClCompile>
    <ClCompile Include="Engine\Source\Runtime\Renderer\BillboardRenderPass.cpp">
      <Filter>Engine\Source\Runtime\Renderer</Filter>
    </ClCompile>
    <ClInclude Include="Engine\Source\Runtime\Renderer\BillboardRenderPass.h">
      <Filter>Engine\Source\Runtime\Renderer</Filter>
    </ClInclude>
    <ClCompile Include="Engine\Source\Runtime\Renderer\GizmoRenderPass.cpp">
      <Filter>Engine\Source\Runtime\Renderer</Filter>
    </ClCompile>
    <ClInclude Include="Engine\Source\Runtime\Renderer\GizmoRenderPass.h">
      <Filter>Engine\Source\Runtime\Renderer</Filter>
    </ClInclude>
    <ClInclude Include="Engine\Source\Runtime\Renderer\IRenderPass.h">
      <Filter>Engine\Source\Runtime\Renderer</Filter>
    </ClInclude>
    <ClCompile Include="Engine\Source\Runtime\Renderer\LineRenderPass.cpp">
      <Filter>Engine\Source\Runtime\Renderer</Filter>
    </ClCompile>
    <ClInclude Include="Engine\Source\Runtime\Renderer\LineRenderPass.h">
      <Filter>Engine\Source\Runtime\Renderer</Filter>
    </ClInclude>
    <ClCompile Include="Engine\Source\Runtime\Renderer\Renderer.cpp">
      <Filter>Engine\Source\Runtime\Renderer</Filter>
    </ClCompile>
    <ClInclude Include="Engine\Source\Runtime\Renderer\Renderer.h">
      <Filter>Engine\Source\Runtime\Renderer</Filter>
    </ClInclude>
    <ClInclude Include="Engine\Source\Runtime\Renderer\RendererHelpers.h">
      <Filter>Engine\Source\Runtime\Renderer</Filter>
    </ClInclude>
    <ClCompile Include="Engine\Source\Runtime\Renderer\StaticMeshRenderPass.cpp">
      <Filter>Engine\Source\Runtime\Renderer</Filter>
    </ClCompile>
    <ClInclude Include="Engine\Source\Runtime\Renderer\StaticMeshRenderPass.h">
      <Filter>Engine\Source\Runtime\Renderer</Filter>
    </ClInclude>
    <ClCompile Include="Engine\Source\Runtime\Renderer\UpdateLightBufferPass.cpp">
      <Filter>Engine\Source\Runtime\Renderer</Filter>
    </ClCompile>
    <ClInclude Include="Engine\Source\Runtime\Renderer\UpdateLightBufferPass.h">
      <Filter>Engine\Source\Runtime\Renderer</Filter>
    </ClInclude>
    <ClInclude Include="Engine\Source\Runtime\Serialization\Serializer.h">
      <Filter>Engine\Source\Runtime\Serialization</Filter>
    </ClInclude>
    <ClCompile Include="Engine\Source\Runtime\Slate\Widgets\Layout\SSplitter.cpp">
      <Filter>Engine\Source\Runtime\Slate\Widgets\Layout</Filter>
    </ClCompile>
    <ClInclude Include="Engine\Source\Runtime\Slate\Widgets\Layout\SSplitter.h">
      <Filter>Engine\Source\Runtime\Slate\Widgets\Layout</Filter>
    </ClInclude>
    <ClCompile Include="Engine\Source\Runtime\SlateCore\Widgets\SWindow.cpp">
      <Filter>Engine\Source\Runtime\SlateCore\Widgets</Filter>
    </ClCompile>
    <ClInclude Include="Engine\Source\Runtime\SlateCore\Widgets\SWindow.h">
      <Filter>Engine\Source\Runtime\SlateCore\Widgets</Filter>
    </ClInclude>
    <ClCompile Include="Engine\Source\Runtime\Windows\WindowsPlatformTime.cpp">
      <Filter>Engine\Source\Runtime\Windows</Filter>
    </ClCompile>
    <ClInclude Include="Engine\Source\Runtime\Windows\WindowsPlatformTime.h">
      <Filter>Engine\Source\Runtime\Windows</Filter>
    </ClInclude>
    <ClCompile Include="Engine\Source\Runtime\Windows\D3D11RHI\DXDBufferManager.cpp">
      <Filter>Engine\Source\Runtime\Windows\D3D11RHI</Filter>
    </ClCompile>
    <ClInclude Include="Engine\Source\Runtime\Windows\D3D11RHI\DXDBufferManager.h">
      <Filter>Engine\Source\Runtime\Windows\D3D11RHI</Filter>
    </ClInclude>
    <ClCompile Include="Engine\Source\Runtime\Windows\D3D11RHI\DXDShaderManager.cpp">
      <Filter>Engine\Source\Runtime\Windows\D3D11RHI</Filter>
    </ClCompile>
    <ClInclude Include="Engine\Source\Runtime\Windows\D3D11RHI\DXDShaderManager.h">
      <Filter>Engine\Source\Runtime\Windows\D3D11RHI</Filter>
    </ClInclude>
    <ClCompile Include="Engine\Source\Runtime\Windows\D3D11RHI\GraphicDevice.cpp">
      <Filter>Engine\Source\Runtime\Windows\D3D11RHI</Filter>
    </ClCompile>
    <ClInclude Include="Engine\Source\Runtime\Windows\D3D11RHI\GraphicDevice.h">
      <Filter>Engine\Source\Runtime\Windows\D3D11RHI</Filter>
    </ClInclude>
    <ClInclude Include="Engine\Source\ThirdParty\DirectXTK\Include\DDSTextureLoader.h">
      <Filter>Engine\Source\ThirdParty\DirectXTK\Include</Filter>
    </ClInclude>
    <ClInclude Include="Engine\Source\ThirdParty\include\ImGUI\imconfig.h">
      <Filter>Engine\Source\ThirdParty\include\ImGUI</Filter>
    </ClInclude>
    <ClCompile Include="Engine\Source\ThirdParty\include\ImGUI\imgui.cpp">
      <Filter>Engine\Source\ThirdParty\include\ImGUI</Filter>
    </ClCompile>
    <ClInclude Include="Engine\Source\ThirdParty\include\ImGUI\imgui.h">
      <Filter>Engine\Source\ThirdParty\include\ImGUI</Filter>
    </ClInclude>
    <ClCompile Include="Engine\Source\ThirdParty\include\ImGUI\imgui_demo.cpp">
      <Filter>Engine\Source\ThirdParty\include\ImGUI</Filter>
    </ClCompile>
    <ClCompile Include="Engine\Source\ThirdParty\include\ImGUI\imgui_draw.cpp">
      <Filter>Engine\Source\ThirdParty\include\ImGUI</Filter>
    </ClCompile>
    <ClCompile Include="Engine\Source\ThirdParty\include\ImGUI\imgui_impl_dx11.cpp">
      <Filter>Engine\Source\ThirdParty\include\ImGUI</Filter>
    </ClCompile>
    <ClInclude Include="Engine\Source\ThirdParty\include\ImGUI\imgui_impl_dx11.h">
      <Filter>Engine\Source\ThirdParty\include\ImGUI</Filter>
    </ClInclude>
    <ClCompile Include="Engine\Source\ThirdParty\include\ImGUI\imgui_impl_win32.cpp">
      <Filter>Engine\Source\ThirdParty\include\ImGUI</Filter>
    </ClCompile>
    <ClInclude Include="Engine\Source\ThirdParty\include\ImGUI\imgui_impl_win32.h">
      <Filter>Engine\Source\ThirdParty\include\ImGUI</Filter>
    </ClInclude>
    <ClInclude Include="Engine\Source\ThirdParty\include\ImGUI\imgui_internal.h">
      <Filter>Engine\Source\ThirdParty\include\ImGUI</Filter>
    </ClInclude>
    <ClCompile Include="Engine\Source\ThirdParty\include\ImGUI\imgui_tables.cpp">
      <Filter>Engine\Source\ThirdParty\include\ImGUI</Filter>
    </ClCompile>
    <ClCompile Include="Engine\Source\ThirdParty\include\ImGUI\imgui_widgets.cpp">
      <Filter>Engine\Source\ThirdParty\include\ImGUI</Filter>
    </ClCompile>
    <ClInclude Include="Engine\Source\ThirdParty\include\ImGUI\imstb_rectpack.h">
      <Filter>Engine\Source\ThirdParty\include\ImGUI</Filter>
    </ClInclude>
    <ClInclude Include="Engine\Source\ThirdParty\include\ImGUI\imstb_textedit.h">
      <Filter>Engine\Source\ThirdParty\include\ImGUI</Filter>
    </ClInclude>
    <ClInclude Include="Engine\Source\ThirdParty\include\ImGUI\imstb_truetype.h">
      <Filter>Engine\Source\ThirdParty\include\ImGUI</Filter>
    </ClInclude>
    <ClInclude Include="Engine\Source\ThirdParty\JSON\json.hpp">
      <Filter>Engine\Source\ThirdParty\JSON</Filter>
    </ClInclude>
    <ClCompile Include="Engine\Source\ThirdParty\tinyfiledialogs\tinyfiledialogs.cpp">
      <Filter>Engine\Source\ThirdParty\tinyfiledialogs</Filter>
    </ClCompile>
    <ClInclude Include="Engine\Source\ThirdParty\tinyfiledialogs\tinyfiledialogs.h">
      <Filter>Engine\Source\ThirdParty\tinyfiledialogs</Filter>
    </ClInclude>
    <ClInclude Include="Font\IconDefs.h">
      <Filter>Font</Filter>
    </ClInclude>
    <ClInclude Include="Font\RawFonts.h">
      <Filter>Font</Filter>
    </ClInclude>
    <ClCompile Include="Engine\Source\Runtime\Engine\Classes\Actors\FireballActor.cpp">
      <Filter>Engine\Source\Runtime\Engine\Classes\Actors</Filter>
    </ClCompile>
    <ClCompile Include="Engine\Source\Runtime\Engine\Classes\Actors\HeightFogActor.cpp" />
    <ClCompile Include="Engine\Source\Runtime\Engine\Classes\Components\HeightFogComponent.cpp" />
    <ClCompile Include="Engine\Source\Runtime\Renderer\FogRenderPass.cpp" />
    <ClCompile Include="Engine\Source\Runtime\Engine\Classes\Actors\LightActor.cpp" />
    <ClCompile Include="Engine\Source\Runtime\Core\Math\Matrix.cpp" />
    <ClCompile Include="Engine\Source\Runtime\Engine\Classes\Components\ProjectileMovementComponent.cpp" />
    <ClCompile Include="Engine\Source\Runtime\Engine\Classes\Actors\Cube.cpp">
      <Filter>Engine\Source\Runtime\Engine\Classes\Actors</Filter>
    </ClCompile>
    <ClCompile Include="Engine\Source\Runtime\CoreUObject\UObject\Property.cpp" />
    <ClCompile Include="Engine\Source\Runtime\Core\Serialization\Archive.cpp" />
    <ClCompile Include="Engine\Source\Runtime\Core\Serialization\MemoryArchive.cpp" />
    <ClCompile Include="Engine\Source\Runtime\CoreUObject\UObject\Class.cpp" />
    <ClCompile Include="Engine\Source\Runtime\Core\Math\Quat.cpp">
      <Filter>Engine\Source\Runtime\Core\Math</Filter>
    </ClCompile>
    <ClCompile Include="Engine\Source\Runtime\Core\Math\Rotator.cpp">
      <Filter>Engine\Source\Runtime\Core\Math</Filter>
    </ClCompile>
    <ClCompile Include="Engine\Source\Runtime\Engine\Classes\Engine\AssetManager.cpp" />
    <ClCompile Include="Engine\Source\Runtime\Renderer\CompositingPass.cpp" />
    <ClCompile Include="Engine\Source\Runtime\Renderer\SlateRenderPass.cpp" />
    <ClCompile Include="Engine\Source\Runtime\Engine\Classes\Components\BillboardComponent.cpp" />
    <ClCompile Include="Engine\Source\Runtime\Engine\Classes\Components\TextComponent.cpp" />
    <ClCompile Include="Engine\Source\Runtime\Engine\Classes\Components\Light\LightComponent.cpp" />
    <ClCompile Include="Engine\Source\Runtime\Engine\Classes\Components\Light\PointLightComponent.cpp" />
    <ClCompile Include="Engine\Source\Runtime\Engine\Classes\Components\Light\SpotLightComponent.cpp" />
    <ClCompile Include="Engine\Source\Runtime\Engine\Classes\Engine\AssetManager.cpp" />
    <ClCompile Include="Engine\Source\Runtime\Engine\Classes\Components\BillboardComponent.cpp" />
    <ClCompile Include="Engine\Source\Runtime\Engine\Classes\Components\TextComponent.cpp" />
    <ClCompile Include="Engine\Source\Runtime\Engine\Classes\Components\DirectionalLightComponent.cpp" />
    <ClCompile Include="Engine\Source\Runtime\Engine\Classes\Components\AmbientLightComponent.cpp" />
    <ClCompile Include="Engine\Source\Runtime\Renderer\EditorRenderPass.cpp" />
    <ClCompile Include="Engine\Source\Runtime\Engine\Classes\Actors\SpotLightActor.cpp" />
    <ClCompile Include="Engine\Source\Runtime\Engine\Classes\Actors\DirectionalLightActor.cpp" />
    <ClCompile Include="Engine\Source\Runtime\Engine\Classes\Actors\PointLightActor.cpp" />
    <ClCompile Include="Engine\Source\Runtime\Engine\Classes\Actors\AmbientLightActor.cpp">
      <Filter>Engine\Source\Runtime\Engine\Classes\Actors</Filter>
    </ClCompile>
  </ItemGroup>
  <ItemGroup>
    <Natvis Include="EngineSIU.natvis" />
  </ItemGroup>
  <ItemGroup>
    <FxCompile Include="Shaders\DepthBufferPixelShader.hlsl">
      <Filter>Shaders</Filter>
    </FxCompile>
    <FxCompile Include="Shaders\DepthBufferVertexShader.hlsl">
      <Filter>Shaders</Filter>
    </FxCompile>
    <FxCompile Include="Shaders\GizmoPixelShader.hlsl">
      <Filter>Shaders</Filter>
    </FxCompile>
    <FxCompile Include="Shaders\GizmoVertexShader.hlsl">
      <Filter>Shaders</Filter>
    </FxCompile>
    <FxCompile Include="Shaders\PixelBillBoardShader.hlsl">
      <Filter>Shaders</Filter>
    </FxCompile>
    <FxCompile Include="Shaders\StaticMeshPixelShader.hlsl">
      <Filter>Shaders</Filter>
    </FxCompile>
    <FxCompile Include="Shaders\StaticMeshVertexShader.hlsl">
      <Filter>Shaders</Filter>
    </FxCompile>
    <FxCompile Include="Shaders\VertexBillBoardShader.hlsl">
      <Filter>Shaders</Filter>
    </FxCompile>
    <FxCompile Include="Shaders\ShaderW0.hlsl">
      <Filter>Shaders</Filter>
    </FxCompile>
    <FxCompile Include="Shaders\ShaderLine.hlsl">
      <Filter>Shaders</Filter>
    </FxCompile>
    <FxCompile Include="Shaders\Light.hlsl">
      <Filter>Shaders</Filter>
    </FxCompile>
    <FxCompile Include="Shaders\FogPixelShader.hlsl" />
    <FxCompile Include="Shaders\FogVertexShader.hlsl" />
    <FxCompile Include="Shaders\FogQuadPixelShader.hlsl" />
    <FxCompile Include="Shaders\CompositingShader.hlsl" />
    <FxCompile Include="Shaders\EditorShader.hlsl" />
    <FxCompile Include="UberLit.hlsl">
      <Filter>Shaders</Filter>
    </FxCompile>
  </ItemGroup>
  <ItemGroup>
    <ClInclude Include="Engine\Source\Runtime\Engine\Classes\Actors\FireballActor.h">
      <Filter>Engine\Source\Runtime\Engine\Classes\Actors</Filter>
    </ClInclude>
    <ClInclude Include="Engine\Source\Runtime\Engine\Classes\Actors\HeightFogActor.h" />
    <ClInclude Include="Engine\Source\Runtime\Engine\Classes\Components\HeightFogComponent.h" />
    <ClInclude Include="Engine\Source\Runtime\Renderer\FogRenderPass.h" />
    <ClInclude Include="Engine\Source\Runtime\Engine\Classes\Actors\LightActor.h" />
    <ClInclude Include="Engine\Source\Runtime\Engine\Classes\Components\ProjectileMovementComponent.h" />
    <ClInclude Include="Engine\Source\Runtime\Engine\Classes\Actors\Cube.h">
      <Filter>Engine\Source\Runtime\Engine\Classes\Actors</Filter>
    </ClInclude>
    <ClInclude Include="Engine\Source\Runtime\CoreUObject\UObject\Property.h" />
    <ClInclude Include="Engine\Source\Runtime\Core\CoreMiscDefines.h" />
    <ClInclude Include="Engine\Source\Runtime\Core\Serialization\Archive.h" />
    <ClInclude Include="Engine\Source\Runtime\Core\Serialization\MemoryArchive.h" />
    <ClInclude Include="Engine\Source\Runtime\CoreUObject\UObject\Class.h" />
    <ClInclude Include="Engine\Source\Runtime\Core\Math\Rotator.h">
      <Filter>Engine\Source\Runtime\Core\Math</Filter>
    </ClInclude>
    <ClInclude Include="Engine\Source\Runtime\Engine\Classes\Engine\AssetManager.h" />
    <ClInclude Include="Engine\Source\Runtime\Renderer\CompositingPass.h" />
    <ClInclude Include="Engine\Source\Runtime\Renderer\SlateRenderPass.h" />
    <ClInclude Include="Engine\Source\Runtime\Engine\Classes\Components\BillboardComponent.h" />
    <ClInclude Include="Engine\Source\Runtime\Engine\Classes\Components\TextComponent.h" />
    <ClInclude Include="Engine\Source\Runtime\Engine\Classes\Components\Light\LightComponent.h" />
    <ClInclude Include="Engine\Source\Runtime\Engine\Classes\Components\Light\PointLightComponent.h" />
    <ClInclude Include="Engine\Source\Runtime\Engine\Classes\Components\Light\SpotLightComponent.h" />
  </ItemGroup>
  <ItemGroup>
    <None Include="Shaders\SlateShader.hlsl" />
    <None Include="Shaders\ShaderRegisters.hlsl" />
    <ClInclude Include="Engine\Source\Runtime\Engine\Classes\Engine\AssetManager.h" />
    <ClInclude Include="Engine\Source\Runtime\Engine\Classes\Components\BillboardComponent.h" />
    <ClInclude Include="Engine\Source\Runtime\Engine\Classes\Components\TextComponent.h" />
    <ClInclude Include="Engine\Source\Runtime\Engine\Classes\Components\DirectionalLightComponent.h" />
    <ClInclude Include="Engine\Source\Runtime\Engine\Classes\Components\AmbientLightComponent.h" />
    <ClInclude Include="Engine\Source\Runtime\Renderer\EditorRenderPass.h" />
    <ClInclude Include="Engine\Source\Runtime\Renderer\RenderResources.h" />
    <ClInclude Include="Engine\Source\Runtime\Renderer\ShaderConstants.h" />
    <ClInclude Include="Engine\Source\Runtime\Engine\Classes\Actors\AmbientLightActor.h">
      <Filter>Engine\Source\Runtime\Engine\Classes\Actors</Filter>
    </ClInclude>
  </ItemGroup>
  <ItemGroup>
    <None Include="Shaders\EditorShaderConstants.hlsli" />
    <None Include="Shaders\ShaderConstants.hlsli" />
    <ClInclude Include="Engine\Source\Runtime\Engine\Classes\Actors\SpotLightActor.h" />
    <ClInclude Include="Engine\Source\Runtime\Engine\Classes\Actors\DirectionalLightActor.h" />
    <ClInclude Include="Engine\Source\Runtime\Engine\Classes\Actors\PointLightActor.h" />
    <ClInclude Include="Engine\Source\Runtime\Launch\LightDefine.h" />
  </ItemGroup>
  <ItemGroup>
    <None Include="cpp.hint" />
  </ItemGroup>
</Project>