<?xml version="1.0" encoding="utf-8"?>
<Project ToolsVersion="4.0" xmlns="http://schemas.microsoft.com/developer/msbuild/2003">
  <ItemGroup>
    <Filter Include="Assets">
      <UniqueIdentifier>{6B67D2CF-6796-4C12-B191-957913EA6F5A}</UniqueIdentifier>
    </Filter>
    <Filter Include="Assets\Cube">
      <UniqueIdentifier>{B79BE99E-7A6C-48DD-84B1-2BFDFB2D6D11}</UniqueIdentifier>
    </Filter>
    <Filter Include="Assets\Dodge">
      <UniqueIdentifier>{B8BC0BAC-A69E-4C18-B214-A4957A5DA00E}</UniqueIdentifier>
    </Filter>
    <Filter Include="Assets\Texture">
      <UniqueIdentifier>{B6493970-D85D-4399-9C87-6EA32F5D76E4}</UniqueIdentifier>
    </Filter>
    <Filter Include="Engine">
      <UniqueIdentifier>{B085E3E2-075F-473D-AE1B-21AA475C27F4}</UniqueIdentifier>
    </Filter>
    <Filter Include="Engine\Source">
      <UniqueIdentifier>{73048C66-B902-426B-8DD8-31C82D7D2B6E}</UniqueIdentifier>
    </Filter>
    <Filter Include="Engine\Source\Editor">
      <UniqueIdentifier>{A2F2754A-1CCA-40A3-A272-8B81B505D0C8}</UniqueIdentifier>
    </Filter>
    <Filter Include="Engine\Source\Editor\LevelEditor">
      <UniqueIdentifier>{D214DE6E-DC56-4583-81B4-B8ACECDE5CC3}</UniqueIdentifier>
    </Filter>
    <Filter Include="Engine\Source\Editor\PropertyEditor">
      <UniqueIdentifier>{EA4D5F5A-0C42-473C-9FB8-704ADC56A163}</UniqueIdentifier>
    </Filter>
    <Filter Include="Engine\Source\Editor\UnrealEd">
      <UniqueIdentifier>{302417D9-A32A-4A92-856F-0189CF8F685E}</UniqueIdentifier>
    </Filter>
    <Filter Include="Engine\Source\Runtime">
      <UniqueIdentifier>{04E1E7D7-4505-45B0-8F76-702DE3F38C9A}</UniqueIdentifier>
    </Filter>
    <Filter Include="Engine\Source\Runtime\Core">
      <UniqueIdentifier>{405A2A75-AB0A-4FEB-B378-1B6511673DC1}</UniqueIdentifier>
    </Filter>
    <Filter Include="Engine\Source\Runtime\Core\Container">
      <UniqueIdentifier>{08C12911-F307-427D-ABE1-AD4C114DE395}</UniqueIdentifier>
    </Filter>
    <Filter Include="Engine\Source\Runtime\Core\Delegates">
      <UniqueIdentifier>{466325D5-77EC-4F94-A230-DCB3BA91D872}</UniqueIdentifier>
    </Filter>
    <Filter Include="Engine\Source\Runtime\Core\HAL">
      <UniqueIdentifier>{06602DC3-8332-4EBD-9A6B-9DD63AA8CFA5}</UniqueIdentifier>
    </Filter>
    <Filter Include="Engine\Source\Runtime\Core\Math">
      <UniqueIdentifier>{C057FEF9-9D3E-4823-93E2-04B18C70D6AA}</UniqueIdentifier>
    </Filter>
    <Filter Include="Engine\Source\Runtime\CoreUObject">
      <UniqueIdentifier>{A9B746C4-8F08-415B-8084-8AA733A8A76B}</UniqueIdentifier>
    </Filter>
    <Filter Include="Engine\Source\Runtime\CoreUObject\UObject">
      <UniqueIdentifier>{3FAC71C1-14A9-48F0-989A-F50B4260E7AF}</UniqueIdentifier>
    </Filter>
    <Filter Include="Engine\Source\Runtime\Engine">
      <UniqueIdentifier>{50A22EB5-7D2B-4FD9-AA91-0379624B0E0C}</UniqueIdentifier>
    </Filter>
    <Filter Include="Engine\Source\Runtime\Engine\Camera">
      <UniqueIdentifier>{BB7F727B-2E83-438B-BEC0-2881F87B28E7}</UniqueIdentifier>
    </Filter>
    <Filter Include="Engine\Source\Runtime\Engine\Classes">
      <UniqueIdentifier>{84C78B75-05D2-4CD6-A99B-366BC3EF08AA}</UniqueIdentifier>
    </Filter>
    <Filter Include="Engine\Source\Runtime\Engine\Classes\Actors">
      <UniqueIdentifier>{AA98EC17-3912-4E11-B3DF-5E28250F2E3D}</UniqueIdentifier>
    </Filter>
    <Filter Include="Engine\Source\Runtime\Engine\Classes\Components">
      <UniqueIdentifier>{6F134479-69A6-4302-81FC-B3AFD1F4E4E0}</UniqueIdentifier>
    </Filter>
    <Filter Include="Engine\Source\Runtime\Engine\Classes\Components\Material">
      <UniqueIdentifier>{02C52A5B-C6BE-4806-897B-88CD76FBF0A8}</UniqueIdentifier>
    </Filter>
    <Filter Include="Engine\Source\Runtime\Engine\Classes\Components\Mesh">
      <UniqueIdentifier>{0BAC4FC6-2E8B-49D9-B7B5-9FA7A81FBCEB}</UniqueIdentifier>
    </Filter>
    <Filter Include="Engine\Source\Runtime\Engine\Classes\Engine">
      <UniqueIdentifier>{2BD691DF-82EC-4BD8-ACD5-BC915D036430}</UniqueIdentifier>
    </Filter>
    <Filter Include="Engine\Source\Runtime\Engine\Classes\GameFramework">
      <UniqueIdentifier>{1D548673-EAF9-4EF8-8A11-E7FD01521D86}</UniqueIdentifier>
    </Filter>
    <Filter Include="Engine\Source\Runtime\Engine\UserInterface">
      <UniqueIdentifier>{1B99718A-2E1E-4C2B-9C0F-A2D60F118B93}</UniqueIdentifier>
    </Filter>
    <Filter Include="Engine\Source\Runtime\InteractiveToolsFramework">
      <UniqueIdentifier>{D5E6C50A-277A-4817-8133-9C2709354CD4}</UniqueIdentifier>
    </Filter>
    <Filter Include="Engine\Source\Runtime\InteractiveToolsFramework\BaseGizmos">
      <UniqueIdentifier>{605E89D5-D5D3-477D-89A2-896B203562FB}</UniqueIdentifier>
    </Filter>
    <Filter Include="Engine\Source\Runtime\Launch">
      <UniqueIdentifier>{8AB4BB88-9A31-430E-8040-8C1899C7B84A}</UniqueIdentifier>
    </Filter>
    <Filter Include="Engine\Source\Runtime\Renderer">
      <UniqueIdentifier>{A8E9030A-F16E-4028-924C-A43D4522198E}</UniqueIdentifier>
    </Filter>
    <Filter Include="Engine\Source\Runtime\Serialization">
      <UniqueIdentifier>{DB44FB38-5DF3-4760-B7E8-3AD7BB3DA725}</UniqueIdentifier>
    </Filter>
    <Filter Include="Engine\Source\Runtime\Slate">
      <UniqueIdentifier>{F42E9F04-4600-4BCA-AE10-DA5AE9C701ED}</UniqueIdentifier>
    </Filter>
    <Filter Include="Engine\Source\Runtime\Slate\Widgets">
      <UniqueIdentifier>{D0AE89D3-7D4A-46EF-A85B-809C24AEF32B}</UniqueIdentifier>
    </Filter>
    <Filter Include="Engine\Source\Runtime\Slate\Widgets\Layout">
      <UniqueIdentifier>{E3E9037D-964B-4142-908E-DA8DCEDFDC1B}</UniqueIdentifier>
    </Filter>
    <Filter Include="Engine\Source\Runtime\SlateCore">
      <UniqueIdentifier>{6BC45831-BB05-4A16-A007-C553E99AAC84}</UniqueIdentifier>
    </Filter>
    <Filter Include="Engine\Source\Runtime\SlateCore\Widgets">
      <UniqueIdentifier>{AE726A51-CF95-4B87-A3A1-6D6221B804E5}</UniqueIdentifier>
    </Filter>
    <Filter Include="Engine\Source\Runtime\Windows">
      <UniqueIdentifier>{176D3C9F-C2AB-45D6-8C2E-789D86670DAD}</UniqueIdentifier>
    </Filter>
    <Filter Include="Engine\Source\Runtime\Windows\D3D11RHI">
      <UniqueIdentifier>{7E81426E-D627-43DF-9C30-8FD55E8EDFAD}</UniqueIdentifier>
    </Filter>
    <Filter Include="Engine\Source\ThirdParty">
      <UniqueIdentifier>{DEA25118-5B7C-487D-B85B-43FBBB00DB5C}</UniqueIdentifier>
    </Filter>
    <Filter Include="Engine\Source\ThirdParty\DirectXTK">
      <UniqueIdentifier>{9B4B42CB-48B2-48BB-AB15-BB01D4F98C1E}</UniqueIdentifier>
    </Filter>
    <Filter Include="Engine\Source\ThirdParty\DirectXTK\Include">
      <UniqueIdentifier>{6648432C-704A-43A1-8AC4-DBD3268CAB8D}</UniqueIdentifier>
    </Filter>
    <Filter Include="Engine\Source\ThirdParty\DirectXTK\Lib">
      <UniqueIdentifier>{026B75D9-8E29-4DFD-99E1-0354A3B2FE85}</UniqueIdentifier>
    </Filter>
    <Filter Include="Engine\Source\ThirdParty\DirectXTK\Lib\x64">
      <UniqueIdentifier>{DA5DBDDF-69D9-498C-BD8D-EE47316B8C61}</UniqueIdentifier>
    </Filter>
    <Filter Include="Engine\Source\ThirdParty\DirectXTK\Lib\x64\Debug">
      <UniqueIdentifier>{F0B38118-70F6-446B-885D-7B4FCF3A59BF}</UniqueIdentifier>
    </Filter>
    <Filter Include="Engine\Source\ThirdParty\DirectXTK\Lib\x64\Release">
      <UniqueIdentifier>{2E252237-1A34-4116-B8DB-41E196378A00}</UniqueIdentifier>
    </Filter>
    <Filter Include="Engine\Source\ThirdParty\DirectXTK\Lib\x86">
      <UniqueIdentifier>{E3FF112D-137E-4CD7-984D-BD66CD4D0EB9}</UniqueIdentifier>
    </Filter>
    <Filter Include="Engine\Source\ThirdParty\DirectXTK\Lib\x86\Debug">
      <UniqueIdentifier>{D481B0EB-B2BC-48FB-AA88-D5DB3D4F8434}</UniqueIdentifier>
    </Filter>
    <Filter Include="Engine\Source\ThirdParty\DirectXTK\Lib\x86\Release">
      <UniqueIdentifier>{53F35884-1C9B-4C8C-841E-0E236375F86B}</UniqueIdentifier>
    </Filter>
    <Filter Include="Engine\Source\ThirdParty\include">
      <UniqueIdentifier>{EFA490C4-FEFE-481D-8F99-42C1E925DBA8}</UniqueIdentifier>
    </Filter>
    <Filter Include="Engine\Source\ThirdParty\include\ImGUI">
      <UniqueIdentifier>{2C36C748-FA28-418F-B7F6-C50C6CD4427F}</UniqueIdentifier>
    </Filter>
    <Filter Include="Engine\Source\ThirdParty\JSON">
      <UniqueIdentifier>{63AFFC4B-12B6-40ED-B156-5C3A1EEA05F6}</UniqueIdentifier>
    </Filter>
    <Filter Include="Engine\Source\ThirdParty\tinyfiledialogs">
      <UniqueIdentifier>{83085950-9964-4B7C-B3DC-EC6AFA31F90A}</UniqueIdentifier>
    </Filter>
    <Filter Include="Font">
      <UniqueIdentifier>{6230E46F-BC73-4BD0-A5B5-1BB6CB3635C0}</UniqueIdentifier>
    </Filter>
    <Filter Include="Shaders">
      <UniqueIdentifier>{B65F6DDE-4DF9-4171-AE49-4BDBB4B9A13B}</UniqueIdentifier>
    </Filter>
  </ItemGroup>
  <ItemGroup>
    <ClCompile Include="Engine\Source\Editor\LevelEditor\SLevelEditor.cpp">
      <Filter>Engine\Source\Editor\LevelEditor</Filter>
    </ClCompile>
    <ClInclude Include="Engine\Source\Editor\LevelEditor\SLevelEditor.h">
      <Filter>Engine\Source\Editor\LevelEditor</Filter>
    </ClInclude>
    <ClCompile Include="Engine\Source\Editor\PropertyEditor\ControlEditorPanel.cpp">
      <Filter>Engine\Source\Editor\PropertyEditor</Filter>
    </ClCompile>
    <ClInclude Include="Engine\Source\Editor\PropertyEditor\ControlEditorPanel.h">
      <Filter>Engine\Source\Editor\PropertyEditor</Filter>
    </ClInclude>
    <ClInclude Include="Engine\Source\Editor\PropertyEditor\IWindowToggleable.h">
      <Filter>Engine\Source\Editor\PropertyEditor</Filter>
    </ClInclude>
    <ClCompile Include="Engine\Source\Editor\PropertyEditor\OutlinerEditorPanel.cpp">
      <Filter>Engine\Source\Editor\PropertyEditor</Filter>
    </ClCompile>
    <ClInclude Include="Engine\Source\Editor\PropertyEditor\OutlinerEditorPanel.h">
      <Filter>Engine\Source\Editor\PropertyEditor</Filter>
    </ClInclude>
    <ClCompile Include="Engine\Source\Editor\PropertyEditor\PropertyEditorPanel.cpp">
      <Filter>Engine\Source\Editor\PropertyEditor</Filter>
    </ClCompile>
    <ClInclude Include="Engine\Source\Editor\PropertyEditor\PropertyEditorPanel.h">
      <Filter>Engine\Source\Editor\PropertyEditor</Filter>
    </ClInclude>
    <ClCompile Include="Engine\Source\Editor\PropertyEditor\ShowFlags.cpp">
      <Filter>Engine\Source\Editor\PropertyEditor</Filter>
    </ClCompile>
    <ClInclude Include="Engine\Source\Editor\PropertyEditor\ShowFlags.h">
      <Filter>Engine\Source\Editor\PropertyEditor</Filter>
    </ClInclude>
    <ClCompile Include="Engine\Source\Editor\PropertyEditor\ViewportTypePanel.cpp">
      <Filter>Engine\Source\Editor\PropertyEditor</Filter>
    </ClCompile>
    <ClInclude Include="Engine\Source\Editor\PropertyEditor\ViewportTypePanel.h">
      <Filter>Engine\Source\Editor\PropertyEditor</Filter>
    </ClInclude>
    <ClInclude Include="Engine\Source\Editor\UnrealEd\EditorPanel.h">
      <Filter>Engine\Source\Editor\UnrealEd</Filter>
    </ClInclude>
    <ClCompile Include="Engine\Source\Editor\UnrealEd\EditorViewportClient.cpp">
      <Filter>Engine\Source\Editor\UnrealEd</Filter>
    </ClCompile>
    <ClInclude Include="Engine\Source\Editor\UnrealEd\EditorViewportClient.h">
      <Filter>Engine\Source\Editor\UnrealEd</Filter>
    </ClInclude>
    <ClCompile Include="Engine\Source\Editor\UnrealEd\ImGuiWidget.cpp">
      <Filter>Engine\Source\Editor\UnrealEd</Filter>
    </ClCompile>
    <ClInclude Include="Engine\Source\Editor\UnrealEd\ImGuiWidget.h">
      <Filter>Engine\Source\Editor\UnrealEd</Filter>
    </ClInclude>
    <ClCompile Include="Engine\Source\Editor\UnrealEd\PrimitiveDrawBatch.cpp">
      <Filter>Engine\Source\Editor\UnrealEd</Filter>
    </ClCompile>
    <ClInclude Include="Engine\Source\Editor\UnrealEd\PrimitiveDrawBatch.h">
      <Filter>Engine\Source\Editor\UnrealEd</Filter>
    </ClInclude>
    <ClCompile Include="Engine\Source\Editor\UnrealEd\SceneMgr.cpp">
      <Filter>Engine\Source\Editor\UnrealEd</Filter>
    </ClCompile>
    <ClInclude Include="Engine\Source\Editor\UnrealEd\SceneMgr.h">
      <Filter>Engine\Source\Editor\UnrealEd</Filter>
    </ClInclude>
    <ClCompile Include="Engine\Source\Editor\UnrealEd\UnrealEd.cpp">
      <Filter>Engine\Source\Editor\UnrealEd</Filter>
    </ClCompile>
    <ClInclude Include="Engine\Source\Editor\UnrealEd\UnrealEd.h">
      <Filter>Engine\Source\Editor\UnrealEd</Filter>
    </ClInclude>
    <ClCompile Include="Engine\Source\Editor\UnrealEd\UnrealEdEventRouter.cpp">
      <Filter>Engine\Source\Editor\UnrealEd</Filter>
    </ClCompile>
    <ClInclude Include="Engine\Source\Editor\UnrealEd\UnrealEdEventRouter.h">
      <Filter>Engine\Source\Editor\UnrealEd</Filter>
    </ClInclude>
    <ClCompile Include="Engine\Source\Runtime\Core\EngineStatics.cpp">
      <Filter>Engine\Source\Runtime\Core</Filter>
    </ClCompile>
    <ClInclude Include="Engine\Source\Runtime\Core\EngineStatics.h">
      <Filter>Engine\Source\Runtime\Core</Filter>
    </ClInclude>
    <ClInclude Include="Engine\Source\Runtime\Core\Container\Array.h">
      <Filter>Engine\Source\Runtime\Core\Container</Filter>
    </ClInclude>
    <ClInclude Include="Engine\Source\Runtime\Core\Container\ContainerAllocator.h">
      <Filter>Engine\Source\Runtime\Core\Container</Filter>
    </ClInclude>
    <ClInclude Include="Engine\Source\Runtime\Core\Container\CString.h">
      <Filter>Engine\Source\Runtime\Core\Container</Filter>
    </ClInclude>
    <ClInclude Include="Engine\Source\Runtime\Core\Container\Map.h">
      <Filter>Engine\Source\Runtime\Core\Container</Filter>
    </ClInclude>
    <ClInclude Include="Engine\Source\Runtime\Core\Container\Pair.h">
      <Filter>Engine\Source\Runtime\Core\Container</Filter>
    </ClInclude>
    <ClInclude Include="Engine\Source\Runtime\Core\Container\Set.h">
      <Filter>Engine\Source\Runtime\Core\Container</Filter>
    </ClInclude>
    <ClCompile Include="Engine\Source\Runtime\Core\Container\String.cpp">
      <Filter>Engine\Source\Runtime\Core\Container</Filter>
    </ClCompile>
    <ClInclude Include="Engine\Source\Runtime\Core\Container\String.h">
      <Filter>Engine\Source\Runtime\Core\Container</Filter>
    </ClInclude>
    <ClInclude Include="Engine\Source\Runtime\Core\Delegates\Delegate.h">
      <Filter>Engine\Source\Runtime\Core\Delegates</Filter>
    </ClInclude>
    <ClInclude Include="Engine\Source\Runtime\Core\Delegates\DelegateCombination.h">
      <Filter>Engine\Source\Runtime\Core\Delegates</Filter>
    </ClInclude>
    <ClCompile Include="Engine\Source\Runtime\Core\HAL\PlatformMemory.cpp">
      <Filter>Engine\Source\Runtime\Core\HAL</Filter>
    </ClCompile>
    <ClInclude Include="Engine\Source\Runtime\Core\HAL\PlatformMemory.h">
      <Filter>Engine\Source\Runtime\Core\HAL</Filter>
    </ClInclude>
    <ClInclude Include="Engine\Source\Runtime\Core\HAL\PlatformType.h">
      <Filter>Engine\Source\Runtime\Core\HAL</Filter>
    </ClInclude>
    <ClCompile Include="Engine\Source\Runtime\Core\Math\Define.cpp">
      <Filter>Engine\Source\Runtime\Core\Math</Filter>
    </ClCompile>
    <ClCompile Include="Engine\Source\Runtime\Core\Math\JungleMath.cpp">
      <Filter>Engine\Source\Runtime\Core\Math</Filter>
    </ClCompile>
    <ClInclude Include="Engine\Source\Runtime\Core\Math\JungleMath.h">
      <Filter>Engine\Source\Runtime\Core\Math</Filter>
    </ClInclude>
    <ClInclude Include="Engine\Source\Runtime\Core\Math\MathUtility.h">
      <Filter>Engine\Source\Runtime\Core\Math</Filter>
    </ClInclude>
    <ClInclude Include="Engine\Source\Runtime\Core\Math\Matrix.h">
      <Filter>Engine\Source\Runtime\Core\Math</Filter>
    </ClInclude>
    <ClInclude Include="Engine\Source\Runtime\Core\Math\Quat.h">
      <Filter>Engine\Source\Runtime\Core\Math</Filter>
    </ClInclude>
    <ClCompile Include="Engine\Source\Runtime\Core\Math\Vector.cpp">
      <Filter>Engine\Source\Runtime\Core\Math</Filter>
    </ClCompile>
    <ClInclude Include="Engine\Source\Runtime\Core\Math\Vector.h">
      <Filter>Engine\Source\Runtime\Core\Math</Filter>
    </ClInclude>
    <ClInclude Include="Engine\Source\Runtime\Core\Math\Vector4.h">
      <Filter>Engine\Source\Runtime\Core\Math</Filter>
    </ClInclude>
    <ClCompile Include="Engine\Source\Runtime\CoreUObject\UObject\Casts.cpp">
      <Filter>Engine\Source\Runtime\CoreUObject\UObject</Filter>
    </ClCompile>
    <ClInclude Include="Engine\Source\Runtime\CoreUObject\UObject\Casts.h">
      <Filter>Engine\Source\Runtime\CoreUObject\UObject</Filter>
    </ClInclude>
    <ClCompile Include="Engine\Source\Runtime\CoreUObject\UObject\NameTypes.cpp">
      <Filter>Engine\Source\Runtime\CoreUObject\UObject</Filter>
    </ClCompile>
    <ClInclude Include="Engine\Source\Runtime\CoreUObject\UObject\NameTypes.h">
      <Filter>Engine\Source\Runtime\CoreUObject\UObject</Filter>
    </ClInclude>
    <ClCompile Include="Engine\Source\Runtime\CoreUObject\UObject\Object.cpp">
      <Filter>Engine\Source\Runtime\CoreUObject\UObject</Filter>
    </ClCompile>
    <ClInclude Include="Engine\Source\Runtime\CoreUObject\UObject\Object.h">
      <Filter>Engine\Source\Runtime\CoreUObject\UObject</Filter>
    </ClInclude>
    <ClCompile Include="Engine\Source\Runtime\CoreUObject\UObject\ObjectFactory.cpp">
      <Filter>Engine\Source\Runtime\CoreUObject\UObject</Filter>
    </ClCompile>
    <ClInclude Include="Engine\Source\Runtime\CoreUObject\UObject\ObjectFactory.h">
      <Filter>Engine\Source\Runtime\CoreUObject\UObject</Filter>
    </ClInclude>
    <ClInclude Include="Engine\Source\Runtime\CoreUObject\UObject\ObjectMacros.h">
      <Filter>Engine\Source\Runtime\CoreUObject\UObject</Filter>
    </ClInclude>
    <ClInclude Include="Engine\Source\Runtime\CoreUObject\UObject\ObjectTypes.h">
      <Filter>Engine\Source\Runtime\CoreUObject\UObject</Filter>
    </ClInclude>
    <ClCompile Include="Engine\Source\Runtime\CoreUObject\UObject\UClass.cpp">
      <Filter>Engine\Source\Runtime\CoreUObject\UObject</Filter>
    </ClCompile>
    <ClInclude Include="Engine\Source\Runtime\CoreUObject\UObject\UClass.h">
      <Filter>Engine\Source\Runtime\CoreUObject\UObject</Filter>
    </ClInclude>
    <ClCompile Include="Engine\Source\Runtime\CoreUObject\UObject\UObjectArray.cpp">
      <Filter>Engine\Source\Runtime\CoreUObject\UObject</Filter>
    </ClCompile>
    <ClInclude Include="Engine\Source\Runtime\CoreUObject\UObject\UObjectArray.h">
      <Filter>Engine\Source\Runtime\CoreUObject\UObject</Filter>
    </ClInclude>
    <ClCompile Include="Engine\Source\Runtime\CoreUObject\UObject\UObjectHash.cpp">
      <Filter>Engine\Source\Runtime\CoreUObject\UObject</Filter>
    </ClCompile>
    <ClInclude Include="Engine\Source\Runtime\CoreUObject\UObject\UObjectHash.h">
      <Filter>Engine\Source\Runtime\CoreUObject\UObject</Filter>
    </ClInclude>
    <ClInclude Include="Engine\Source\Runtime\CoreUObject\UObject\UObjectIterator.h">
      <Filter>Engine\Source\Runtime\CoreUObject\UObject</Filter>
    </ClInclude>
    <ClCompile Include="Engine\Source\Runtime\Engine\ActorEditor.cpp">
      <Filter>Engine\Source\Runtime\Engine</Filter>
    </ClCompile>
    <ClCompile Include="Engine\Source\Runtime\Engine\UnrealClient.cpp">
      <Filter>Engine\Source\Runtime\Engine</Filter>
    </ClCompile>
    <ClInclude Include="Engine\Source\Runtime\Engine\UnrealClient.h">
      <Filter>Engine\Source\Runtime\Engine</Filter>
    </ClInclude>
    <ClInclude Include="Engine\Source\Runtime\Engine\ViewportClient.h">
      <Filter>Engine\Source\Runtime\Engine</Filter>
    </ClInclude>
    <ClCompile Include="Engine\Source\Runtime\Engine\World.cpp">
      <Filter>Engine\Source\Runtime\Engine</Filter>
    </ClCompile>
    <ClInclude Include="Engine\Source\Runtime\Engine\World.h">
      <Filter>Engine\Source\Runtime\Engine</Filter>
    </ClInclude>
    <ClCompile Include="Engine\Source\Runtime\Engine\Camera\CameraComponent.cpp">
      <Filter>Engine\Source\Runtime\Engine\Camera</Filter>
    </ClCompile>
    <ClInclude Include="Engine\Source\Runtime\Engine\Camera\CameraComponent.h">
      <Filter>Engine\Source\Runtime\Engine\Camera</Filter>
    </ClInclude>
    <ClCompile Include="Engine\Source\Runtime\Engine\Classes\Actors\Player.cpp">
      <Filter>Engine\Source\Runtime\Engine\Classes\Actors</Filter>
    </ClCompile>
    <ClInclude Include="Engine\Source\Runtime\Engine\Classes\Actors\Player.h">
      <Filter>Engine\Source\Runtime\Engine\Classes\Actors</Filter>
    </ClInclude>
    <ClCompile Include="Engine\Source\Runtime\Engine\Classes\Components\ActorComponent.cpp">
      <Filter>Engine\Source\Runtime\Engine\Classes\Components</Filter>
    </ClCompile>
    <ClInclude Include="Engine\Source\Runtime\Engine\Classes\Components\ActorComponent.h">
      <Filter>Engine\Source\Runtime\Engine\Classes\Components</Filter>
    </ClInclude>
    <ClCompile Include="Engine\Source\Runtime\Engine\Classes\Components\CubeComp.cpp">
      <Filter>Engine\Source\Runtime\Engine\Classes\Components</Filter>
    </ClCompile>
    <ClInclude Include="Engine\Source\Runtime\Engine\Classes\Components\CubeComp.h">
      <Filter>Engine\Source\Runtime\Engine\Classes\Components</Filter>
    </ClInclude>
    <ClCompile Include="Engine\Source\Runtime\Engine\Classes\Components\LightComponent.cpp">
      <Filter>Engine\Source\Runtime\Engine\Classes\Components</Filter>
    </ClCompile>
    <ClInclude Include="Engine\Source\Runtime\Engine\Classes\Components\LightComponent.h">
      <Filter>Engine\Source\Runtime\Engine\Classes\Components</Filter>
    </ClInclude>
    <ClCompile Include="Engine\Source\Runtime\Engine\Classes\Components\MeshComponent.cpp">
      <Filter>Engine\Source\Runtime\Engine\Classes\Components</Filter>
    </ClCompile>
    <ClInclude Include="Engine\Source\Runtime\Engine\Classes\Components\MeshComponent.h">
      <Filter>Engine\Source\Runtime\Engine\Classes\Components</Filter>
    </ClInclude>
    <ClCompile Include="Engine\Source\Runtime\Engine\Classes\Components\PrimitiveComponent.cpp">
      <Filter>Engine\Source\Runtime\Engine\Classes\Components</Filter>
    </ClCompile>
    <ClInclude Include="Engine\Source\Runtime\Engine\Classes\Components\PrimitiveComponent.h">
      <Filter>Engine\Source\Runtime\Engine\Classes\Components</Filter>
    </ClInclude>
    <ClInclude Include="Engine\Source\Runtime\Engine\Classes\Components\Quad.h">
      <Filter>Engine\Source\Runtime\Engine\Classes\Components</Filter>
    </ClInclude>
    <ClCompile Include="Engine\Source\Runtime\Engine\Classes\Components\QuadTexture.cpp">
      <Filter>Engine\Source\Runtime\Engine\Classes\Components</Filter>
    </ClCompile>
    <ClInclude Include="Engine\Source\Runtime\Engine\Classes\Components\QuadTexture.h">
      <Filter>Engine\Source\Runtime\Engine\Classes\Components</Filter>
    </ClInclude>
    <ClCompile Include="Engine\Source\Runtime\Engine\Classes\Components\SceneComponent.cpp">
      <Filter>Engine\Source\Runtime\Engine\Classes\Components</Filter>
    </ClCompile>
    <ClInclude Include="Engine\Source\Runtime\Engine\Classes\Components\SceneComponent.h">
      <Filter>Engine\Source\Runtime\Engine\Classes\Components</Filter>
    </ClInclude>
    <ClCompile Include="Engine\Source\Runtime\Engine\Classes\Components\SkySphereComponent.cpp">
      <Filter>Engine\Source\Runtime\Engine\Classes\Components</Filter>
    </ClCompile>
    <ClInclude Include="Engine\Source\Runtime\Engine\Classes\Components\SkySphereComponent.h">
      <Filter>Engine\Source\Runtime\Engine\Classes\Components</Filter>
    </ClInclude>
    <ClCompile Include="Engine\Source\Runtime\Engine\Classes\Components\SphereComp.cpp">
      <Filter>Engine\Source\Runtime\Engine\Classes\Components</Filter>
    </ClCompile>
    <ClInclude Include="Engine\Source\Runtime\Engine\Classes\Components\SphereComp.h">
      <Filter>Engine\Source\Runtime\Engine\Classes\Components</Filter>
    </ClInclude>
    <ClCompile Include="Engine\Source\Runtime\Engine\Classes\Components\StaticMeshComponent.cpp">
      <Filter>Engine\Source\Runtime\Engine\Classes\Components</Filter>
    </ClCompile>
    <ClInclude Include="Engine\Source\Runtime\Engine\Classes\Components\StaticMeshComponent.h">
      <Filter>Engine\Source\Runtime\Engine\Classes\Components</Filter>
    </ClInclude>
    <ClCompile Include="Engine\Source\Runtime\Engine\Classes\Components\UBillboardComponent.cpp">
      <Filter>Engine\Source\Runtime\Engine\Classes\Components</Filter>
    </ClCompile>
    <ClInclude Include="Engine\Source\Runtime\Engine\Classes\Components\UBillboardComponent.h">
      <Filter>Engine\Source\Runtime\Engine\Classes\Components</Filter>
    </ClInclude>
    <ClCompile Include="Engine\Source\Runtime\Engine\Classes\Components\UParticleSubUVComp.cpp">
      <Filter>Engine\Source\Runtime\Engine\Classes\Components</Filter>
    </ClCompile>
    <ClInclude Include="Engine\Source\Runtime\Engine\Classes\Components\UParticleSubUVComp.h">
      <Filter>Engine\Source\Runtime\Engine\Classes\Components</Filter>
    </ClInclude>
    <ClCompile Include="Engine\Source\Runtime\Engine\Classes\Components\UText.cpp">
      <Filter>Engine\Source\Runtime\Engine\Classes\Components</Filter>
    </ClCompile>
    <ClInclude Include="Engine\Source\Runtime\Engine\Classes\Components\UText.h">
      <Filter>Engine\Source\Runtime\Engine\Classes\Components</Filter>
    </ClInclude>
    <ClCompile Include="Engine\Source\Runtime\Engine\Classes\Components\UTextUUID.cpp">
      <Filter>Engine\Source\Runtime\Engine\Classes\Components</Filter>
    </ClCompile>
    <ClInclude Include="Engine\Source\Runtime\Engine\Classes\Components\UTextUUID.h">
      <Filter>Engine\Source\Runtime\Engine\Classes\Components</Filter>
    </ClInclude>
    <ClCompile Include="Engine\Source\Runtime\Engine\Classes\Components\Material\Material.cpp">
      <Filter>Engine\Source\Runtime\Engine\Classes\Components\Material</Filter>
    </ClCompile>
    <ClInclude Include="Engine\Source\Runtime\Engine\Classes\Components\Material\Material.h">
      <Filter>Engine\Source\Runtime\Engine\Classes\Components\Material</Filter>
    </ClInclude>
    <ClCompile Include="Engine\Source\Runtime\Engine\Classes\Components\Mesh\StaticMesh.cpp">
      <Filter>Engine\Source\Runtime\Engine\Classes\Components\Mesh</Filter>
    </ClCompile>
    <ClInclude Include="Engine\Source\Runtime\Engine\Classes\Components\Mesh\StaticMesh.h">
      <Filter>Engine\Source\Runtime\Engine\Classes\Components\Mesh</Filter>
    </ClInclude>
    <ClInclude Include="Engine\Source\Runtime\Engine\Classes\Engine\EngineTypes.h">
      <Filter>Engine\Source\Runtime\Engine\Classes\Engine</Filter>
    </ClInclude>
    <ClCompile Include="Engine\Source\Runtime\Engine\Classes\Engine\FLoaderOBJ.cpp">
      <Filter>Engine\Source\Runtime\Engine\Classes\Engine</Filter>
    </ClCompile>
    <ClInclude Include="Engine\Source\Runtime\Engine\Classes\Engine\FLoaderOBJ.h">
      <Filter>Engine\Source\Runtime\Engine\Classes\Engine</Filter>
    </ClInclude>
    <ClCompile Include="Engine\Source\Runtime\Engine\Classes\Engine\ResourceMgr.cpp">
      <Filter>Engine\Source\Runtime\Engine\Classes\Engine</Filter>
    </ClCompile>
    <ClInclude Include="Engine\Source\Runtime\Engine\Classes\Engine\ResourceMgr.h">
      <Filter>Engine\Source\Runtime\Engine\Classes\Engine</Filter>
    </ClInclude>
    <ClCompile Include="Engine\Source\Runtime\Engine\Classes\Engine\StaticMeshActor.cpp">
      <Filter>Engine\Source\Runtime\Engine\Classes\Engine</Filter>
    </ClCompile>
    <ClInclude Include="Engine\Source\Runtime\Engine\Classes\Engine\StaticMeshActor.h">
      <Filter>Engine\Source\Runtime\Engine\Classes\Engine</Filter>
    </ClInclude>
    <ClInclude Include="Engine\Source\Runtime\Engine\Classes\Engine\Texture.h">
      <Filter>Engine\Source\Runtime\Engine\Classes\Engine</Filter>
    </ClInclude>
    <ClCompile Include="Engine\Source\Runtime\Engine\Classes\GameFramework\Actor.cpp">
      <Filter>Engine\Source\Runtime\Engine\Classes\GameFramework</Filter>
    </ClCompile>
    <ClInclude Include="Engine\Source\Runtime\Engine\Classes\GameFramework\Actor.h">
      <Filter>Engine\Source\Runtime\Engine\Classes\GameFramework</Filter>
    </ClInclude>
    <ClCompile Include="Engine\Source\Runtime\Engine\UserInterface\Console.cpp">
      <Filter>Engine\Source\Runtime\Engine\UserInterface</Filter>
    </ClCompile>
    <ClInclude Include="Engine\Source\Runtime\Engine\UserInterface\Console.h">
      <Filter>Engine\Source\Runtime\Engine\UserInterface</Filter>
    </ClInclude>
    <ClCompile Include="Engine\Source\Runtime\InteractiveToolsFramework\BaseGizmos\GizmoArrowComponent.cpp">
      <Filter>Engine\Source\Runtime\InteractiveToolsFramework\BaseGizmos</Filter>
    </ClCompile>
    <ClInclude Include="Engine\Source\Runtime\InteractiveToolsFramework\BaseGizmos\GizmoArrowComponent.h">
      <Filter>Engine\Source\Runtime\InteractiveToolsFramework\BaseGizmos</Filter>
    </ClInclude>
    <ClCompile Include="Engine\Source\Runtime\InteractiveToolsFramework\BaseGizmos\GizmoBaseComponent.cpp">
      <Filter>Engine\Source\Runtime\InteractiveToolsFramework\BaseGizmos</Filter>
    </ClCompile>
    <ClInclude Include="Engine\Source\Runtime\InteractiveToolsFramework\BaseGizmos\GizmoBaseComponent.h">
      <Filter>Engine\Source\Runtime\InteractiveToolsFramework\BaseGizmos</Filter>
    </ClInclude>
    <ClCompile Include="Engine\Source\Runtime\InteractiveToolsFramework\BaseGizmos\GizmoCircleComponent.cpp">
      <Filter>Engine\Source\Runtime\InteractiveToolsFramework\BaseGizmos</Filter>
    </ClCompile>
    <ClInclude Include="Engine\Source\Runtime\InteractiveToolsFramework\BaseGizmos\GizmoCircleComponent.h">
      <Filter>Engine\Source\Runtime\InteractiveToolsFramework\BaseGizmos</Filter>
    </ClInclude>
    <ClCompile Include="Engine\Source\Runtime\InteractiveToolsFramework\BaseGizmos\GizmoRectangleComponent.cpp">
      <Filter>Engine\Source\Runtime\InteractiveToolsFramework\BaseGizmos</Filter>
    </ClCompile>
    <ClInclude Include="Engine\Source\Runtime\InteractiveToolsFramework\BaseGizmos\GizmoRectangleComponent.h">
      <Filter>Engine\Source\Runtime\InteractiveToolsFramework\BaseGizmos</Filter>
    </ClInclude>
    <ClCompile Include="Engine\Source\Runtime\InteractiveToolsFramework\BaseGizmos\TransformGizmo.cpp">
      <Filter>Engine\Source\Runtime\InteractiveToolsFramework\BaseGizmos</Filter>
    </ClCompile>
    <ClInclude Include="Engine\Source\Runtime\InteractiveToolsFramework\BaseGizmos\TransformGizmo.h">
      <Filter>Engine\Source\Runtime\InteractiveToolsFramework\BaseGizmos</Filter>
    </ClInclude>
    <ClInclude Include="Engine\Source\Runtime\Launch\Define.h">
      <Filter>Engine\Source\Runtime\Launch</Filter>
    </ClInclude>
    <ClInclude Include="Engine\Source\Runtime\Launch\EngineBaseTypes.h">
      <Filter>Engine\Source\Runtime\Launch</Filter>
    </ClInclude>
    <ClCompile Include="Engine\Source\Runtime\Launch\EngineLoop.cpp">
      <Filter>Engine\Source\Runtime\Launch</Filter>
    </ClCompile>
    <ClInclude Include="Engine\Source\Runtime\Launch\EngineLoop.h">
      <Filter>Engine\Source\Runtime\Launch</Filter>
    </ClInclude>
    <ClCompile Include="Engine\Source\Runtime\Launch\ImGuiManager.cpp">
      <Filter>Engine\Source\Runtime\Launch</Filter>
    </ClCompile>
    <ClInclude Include="Engine\Source\Runtime\Launch\ImGuiManager.h">
      <Filter>Engine\Source\Runtime\Launch</Filter>
    </ClInclude>
    <ClCompile Include="Engine\Source\Runtime\Launch\Launch.cpp">
      <Filter>Engine\Source\Runtime\Launch</Filter>
    </ClCompile>
    <ClCompile Include="Engine\Source\Runtime\Renderer\Renderer.cpp">
      <Filter>Engine\Source\Runtime\Renderer</Filter>
    </ClCompile>
    <ClInclude Include="Engine\Source\Runtime\Renderer\Renderer.h">
      <Filter>Engine\Source\Runtime\Renderer</Filter>
    </ClInclude>
    <ClInclude Include="Engine\Source\Runtime\Serialization\Serializer.h">
      <Filter>Engine\Source\Runtime\Serialization</Filter>
    </ClInclude>
    <ClCompile Include="Engine\Source\Runtime\Slate\Widgets\Layout\SSplitter.cpp">
      <Filter>Engine\Source\Runtime\Slate\Widgets\Layout</Filter>
    </ClCompile>
    <ClInclude Include="Engine\Source\Runtime\Slate\Widgets\Layout\SSplitter.h">
      <Filter>Engine\Source\Runtime\Slate\Widgets\Layout</Filter>
    </ClInclude>
    <ClCompile Include="Engine\Source\Runtime\SlateCore\Widgets\SWindow.cpp">
      <Filter>Engine\Source\Runtime\SlateCore\Widgets</Filter>
    </ClCompile>
    <ClInclude Include="Engine\Source\Runtime\SlateCore\Widgets\SWindow.h">
      <Filter>Engine\Source\Runtime\SlateCore\Widgets</Filter>
    </ClInclude>
    <ClCompile Include="Engine\Source\Runtime\Windows\D3D11RHI\GraphicDevice.cpp">
      <Filter>Engine\Source\Runtime\Windows\D3D11RHI</Filter>
    </ClCompile>
    <ClInclude Include="Engine\Source\Runtime\Windows\D3D11RHI\GraphicDevice.h">
      <Filter>Engine\Source\Runtime\Windows\D3D11RHI</Filter>
    </ClInclude>
    <ClInclude Include="Engine\Source\ThirdParty\DirectXTK\Include\DDSTextureLoader.h">
      <Filter>Engine\Source\ThirdParty\DirectXTK\Include</Filter>
    </ClInclude>
    <ClInclude Include="Engine\Source\ThirdParty\include\ImGUI\imconfig.h">
      <Filter>Engine\Source\ThirdParty\include\ImGUI</Filter>
    </ClInclude>
    <ClCompile Include="Engine\Source\ThirdParty\include\ImGUI\imgui.cpp">
      <Filter>Engine\Source\ThirdParty\include\ImGUI</Filter>
    </ClCompile>
    <ClInclude Include="Engine\Source\ThirdParty\include\ImGUI\imgui.h">
      <Filter>Engine\Source\ThirdParty\include\ImGUI</Filter>
    </ClInclude>
    <ClCompile Include="Engine\Source\ThirdParty\include\ImGUI\imgui_demo.cpp">
      <Filter>Engine\Source\ThirdParty\include\ImGUI</Filter>
    </ClCompile>
    <ClCompile Include="Engine\Source\ThirdParty\include\ImGUI\imgui_draw.cpp">
      <Filter>Engine\Source\ThirdParty\include\ImGUI</Filter>
    </ClCompile>
    <ClCompile Include="Engine\Source\ThirdParty\include\ImGUI\imgui_impl_dx11.cpp">
      <Filter>Engine\Source\ThirdParty\include\ImGUI</Filter>
    </ClCompile>
    <ClInclude Include="Engine\Source\ThirdParty\include\ImGUI\imgui_impl_dx11.h">
      <Filter>Engine\Source\ThirdParty\include\ImGUI</Filter>
    </ClInclude>
    <ClCompile Include="Engine\Source\ThirdParty\include\ImGUI\imgui_impl_win32.cpp">
      <Filter>Engine\Source\ThirdParty\include\ImGUI</Filter>
    </ClCompile>
    <ClInclude Include="Engine\Source\ThirdParty\include\ImGUI\imgui_impl_win32.h">
      <Filter>Engine\Source\ThirdParty\include\ImGUI</Filter>
    </ClInclude>
    <ClInclude Include="Engine\Source\ThirdParty\include\ImGUI\imgui_internal.h">
      <Filter>Engine\Source\ThirdParty\include\ImGUI</Filter>
    </ClInclude>
    <ClCompile Include="Engine\Source\ThirdParty\include\ImGUI\imgui_tables.cpp">
      <Filter>Engine\Source\ThirdParty\include\ImGUI</Filter>
    </ClCompile>
    <ClCompile Include="Engine\Source\ThirdParty\include\ImGUI\imgui_widgets.cpp">
      <Filter>Engine\Source\ThirdParty\include\ImGUI</Filter>
    </ClCompile>
    <ClInclude Include="Engine\Source\ThirdParty\include\ImGUI\imstb_rectpack.h">
      <Filter>Engine\Source\ThirdParty\include\ImGUI</Filter>
    </ClInclude>
    <ClInclude Include="Engine\Source\ThirdParty\include\ImGUI\imstb_textedit.h">
      <Filter>Engine\Source\ThirdParty\include\ImGUI</Filter>
    </ClInclude>
    <ClInclude Include="Engine\Source\ThirdParty\include\ImGUI\imstb_truetype.h">
      <Filter>Engine\Source\ThirdParty\include\ImGUI</Filter>
    </ClInclude>
    <ClInclude Include="Engine\Source\ThirdParty\JSON\json.hpp">
      <Filter>Engine\Source\ThirdParty\JSON</Filter>
    </ClInclude>
    <ClCompile Include="Engine\Source\ThirdParty\tinyfiledialogs\tinyfiledialogs.cpp">
      <Filter>Engine\Source\ThirdParty\tinyfiledialogs</Filter>
    </ClCompile>
    <ClInclude Include="Engine\Source\ThirdParty\tinyfiledialogs\tinyfiledialogs.h">
      <Filter>Engine\Source\ThirdParty\tinyfiledialogs</Filter>
    </ClInclude>
    <ClInclude Include="Font\IconDefs.h">
      <Filter>Font</Filter>
    </ClInclude>
    <ClInclude Include="Font\RawFonts.h">
      <Filter>Font</Filter>
    </ClInclude>
  </ItemGroup>
  <ItemGroup>
    <FxCompile Include="Shaders\PixelTextureShader.hlsl">
      <Filter>Shaders</Filter>
    </FxCompile>
    <FxCompile Include="Shaders\ShaderLine.hlsl">
      <Filter>Shaders</Filter>
    </FxCompile>
    <FxCompile Include="Shaders\ShaderW0.hlsl">
      <Filter>Shaders</Filter>
    </FxCompile>
    <FxCompile Include="Shaders\StaticMeshPixelShader.hlsl">
      <Filter>Shaders</Filter>
    </FxCompile>
    <FxCompile Include="Shaders\StaticMeshVertexShader.hlsl">
      <Filter>Shaders</Filter>
    </FxCompile>
    <FxCompile Include="Shaders\VertexTextureShader.hlsl">
      <Filter>Shaders</Filter>
    </FxCompile>
  </ItemGroup>
</Project>